// !$*UTF8*$!
{
	archiveVersion = 1;
	classes = {
	};
	objectVersion = 46;
	objects = {

/* Begin PBXBuildFile section */
		CF1A41D61E60808C00E76F11 /* MotorcyclesViewController.swift in Sources */ = {isa = PBXBuildFile; fileRef = CF1A41D41E60808C00E76F11 /* MotorcyclesViewController.swift */; };
		CF1A41D71E60808C00E76F11 /* MotorcyclesViewController.xib in Resources */ = {isa = PBXBuildFile; fileRef = CF1A41D51E60808C00E76F11 /* MotorcyclesViewController.xib */; };
		CF1A41DA1E6080B100E76F11 /* SearchViewController.swift in Sources */ = {isa = PBXBuildFile; fileRef = CF1A41D81E6080B100E76F11 /* SearchViewController.swift */; };
		CF1A41DB1E6080B100E76F11 /* SearchViewController.xib in Resources */ = {isa = PBXBuildFile; fileRef = CF1A41D91E6080B100E76F11 /* SearchViewController.xib */; };
		CF1A41DE1E6080E800E76F11 /* MyGarageViewController.swift in Sources */ = {isa = PBXBuildFile; fileRef = CF1A41DC1E6080E800E76F11 /* MyGarageViewController.swift */; };
		CF1A41DF1E6080E800E76F11 /* MyGarageViewController.xib in Resources */ = {isa = PBXBuildFile; fileRef = CF1A41DD1E6080E800E76F11 /* MyGarageViewController.xib */; };
		CF1A41E21E6081F000E76F11 /* ViewControllerAssembler.swift in Sources */ = {isa = PBXBuildFile; fileRef = CF1A41E11E6081F000E76F11 /* ViewControllerAssembler.swift */; };
		CFAB03F21E60432E0032BD11 /* AppDelegate.swift in Sources */ = {isa = PBXBuildFile; fileRef = CFAB03F11E60432E0032BD11 /* AppDelegate.swift */; };
		CFAB03F91E60432E0032BD11 /* Assets.xcassets in Resources */ = {isa = PBXBuildFile; fileRef = CFAB03F81E60432E0032BD11 /* Assets.xcassets */; };
		CFAB03FC1E60432E0032BD11 /* LaunchScreen.storyboard in Resources */ = {isa = PBXBuildFile; fileRef = CFAB03FA1E60432E0032BD11 /* LaunchScreen.storyboard */; };
/* End PBXBuildFile section */

/* Begin PBXFileReference section */
		CF1A41D41E60808C00E76F11 /* MotorcyclesViewController.swift */ = {isa = PBXFileReference; fileEncoding = 4; lastKnownFileType = sourcecode.swift; path = MotorcyclesViewController.swift; sourceTree = "<group>"; };
		CF1A41D51E60808C00E76F11 /* MotorcyclesViewController.xib */ = {isa = PBXFileReference; fileEncoding = 4; lastKnownFileType = file.xib; path = MotorcyclesViewController.xib; sourceTree = "<group>"; };
		CF1A41D81E6080B100E76F11 /* SearchViewController.swift */ = {isa = PBXFileReference; fileEncoding = 4; lastKnownFileType = sourcecode.swift; path = SearchViewController.swift; sourceTree = "<group>"; };
		CF1A41D91E6080B100E76F11 /* SearchViewController.xib */ = {isa = PBXFileReference; fileEncoding = 4; lastKnownFileType = file.xib; path = SearchViewController.xib; sourceTree = "<group>"; };
		CF1A41DC1E6080E800E76F11 /* MyGarageViewController.swift */ = {isa = PBXFileReference; fileEncoding = 4; lastKnownFileType = sourcecode.swift; path = MyGarageViewController.swift; sourceTree = "<group>"; };
		CF1A41DD1E6080E800E76F11 /* MyGarageViewController.xib */ = {isa = PBXFileReference; fileEncoding = 4; lastKnownFileType = file.xib; path = MyGarageViewController.xib; sourceTree = "<group>"; };
		CF1A41E11E6081F000E76F11 /* ViewControllerAssembler.swift */ = {isa = PBXFileReference; fileEncoding = 4; lastKnownFileType = sourcecode.swift; path = ViewControllerAssembler.swift; sourceTree = "<group>"; };
		CFAB03EE1E60432E0032BD11 /* Guzzi Tracker.app */ = {isa = PBXFileReference; explicitFileType = wrapper.application; includeInIndex = 0; path = "Guzzi Tracker.app"; sourceTree = BUILT_PRODUCTS_DIR; };
		CFAB03F11E60432E0032BD11 /* AppDelegate.swift */ = {isa = PBXFileReference; lastKnownFileType = sourcecode.swift; path = AppDelegate.swift; sourceTree = "<group>"; };
		CFAB03F81E60432E0032BD11 /* Assets.xcassets */ = {isa = PBXFileReference; lastKnownFileType = folder.assetcatalog; path = Assets.xcassets; sourceTree = "<group>"; };
		CFAB03FB1E60432E0032BD11 /* Base */ = {isa = PBXFileReference; lastKnownFileType = file.storyboard; name = Base; path = Base.lproj/LaunchScreen.storyboard; sourceTree = "<group>"; };
		CFAB03FD1E60432E0032BD11 /* Info.plist */ = {isa = PBXFileReference; lastKnownFileType = text.plist.xml; path = Info.plist; sourceTree = "<group>"; };
/* End PBXFileReference section */

/* Begin PBXFrameworksBuildPhase section */
		CFAB03EB1E60432D0032BD11 /* Frameworks */ = {
			isa = PBXFrameworksBuildPhase;
			buildActionMask = 2147483647;
			files = (
			);
			runOnlyForDeploymentPostprocessing = 0;
		};
/* End PBXFrameworksBuildPhase section */

/* Begin PBXGroup section */
		CFAB03E51E60432D0032BD11 = {
			isa = PBXGroup;
			children = (
				CFAB03F01E60432E0032BD11 /* Guzzi Tracker */,
				CFAB03EF1E60432E0032BD11 /* Products */,
			);
			sourceTree = "<group>";
		};
		CFAB03EF1E60432E0032BD11 /* Products */ = {
			isa = PBXGroup;
			children = (
				CFAB03EE1E60432E0032BD11 /* Guzzi Tracker.app */,
			);
			name = Products;
			sourceTree = "<group>";
		};
		CFAB03F01E60432E0032BD11 /* Guzzi Tracker */ = {
			isa = PBXGroup;
			children = (
				CFAB03F11E60432E0032BD11 /* AppDelegate.swift */,
				CFAB03F81E60432E0032BD11 /* Assets.xcassets */,
				CFAB03FA1E60432E0032BD11 /* LaunchScreen.storyboard */,
				CFAB03FD1E60432E0032BD11 /* Info.plist */,
				CF1A41D41E60808C00E76F11 /* MotorcyclesViewController.swift */,
				CF1A41D81E6080B100E76F11 /* SearchViewController.swift */,
				CF1A41DC1E6080E800E76F11 /* MyGarageViewController.swift */,
				CF1A41D51E60808C00E76F11 /* MotorcyclesViewController.xib */,
				CF1A41D91E6080B100E76F11 /* SearchViewController.xib */,
				CF1A41DD1E6080E800E76F11 /* MyGarageViewController.xib */,
				CF1A41E11E6081F000E76F11 /* ViewControllerAssembler.swift */,
			);
			path = "Guzzi Tracker";
			sourceTree = "<group>";
		};
/* End PBXGroup section */

/* Begin PBXNativeTarget section */
		CFAB03ED1E60432D0032BD11 /* Guzzi Tracker */ = {
			isa = PBXNativeTarget;
			buildConfigurationList = CFAB04001E60432E0032BD11 /* Build configuration list for PBXNativeTarget "Guzzi Tracker" */;
			buildPhases = (
				CFAB03EA1E60432D0032BD11 /* Sources */,
				CFAB03EB1E60432D0032BD11 /* Frameworks */,
				CFAB03EC1E60432D0032BD11 /* Resources */,
			);
			buildRules = (
			);
			dependencies = (
			);
			name = "Guzzi Tracker";
			productName = "Guzzi Tracker";
			productReference = CFAB03EE1E60432E0032BD11 /* Guzzi Tracker.app */;
			productType = "com.apple.product-type.application";
		};
/* End PBXNativeTarget section */

/* Begin PBXProject section */
		CFAB03E61E60432D0032BD11 /* Project object */ = {
			isa = PBXProject;
			attributes = {
				LastSwiftUpdateCheck = 0810;
				LastUpgradeCheck = 0810;
				ORGANIZATIONNAME = PaoloRocca;
				TargetAttributes = {
					CFAB03ED1E60432D0032BD11 = {
						CreatedOnToolsVersion = 8.1;
						DevelopmentTeam = Y99795RM29;
						ProvisioningStyle = Automatic;
					};
				};
			};
			buildConfigurationList = CFAB03E91E60432D0032BD11 /* Build configuration list for PBXProject "Guzzi Tracker" */;
			compatibilityVersion = "Xcode 3.2";
			developmentRegion = English;
			hasScannedForEncodings = 0;
			knownRegions = (
				en,
				Base,
			);
			mainGroup = CFAB03E51E60432D0032BD11;
			productRefGroup = CFAB03EF1E60432E0032BD11 /* Products */;
			projectDirPath = "";
			projectRoot = "";
			targets = (
				CFAB03ED1E60432D0032BD11 /* Guzzi Tracker */,
			);
		};
/* End PBXProject section */

/* Begin PBXResourcesBuildPhase section */
		CFAB03EC1E60432D0032BD11 /* Resources */ = {
			isa = PBXResourcesBuildPhase;
			buildActionMask = 2147483647;
			files = (
				CFAB03FC1E60432E0032BD11 /* LaunchScreen.storyboard in Resources */,
				CF1A41D71E60808C00E76F11 /* MotorcyclesViewController.xib in Resources */,
				CF1A41DB1E6080B100E76F11 /* SearchViewController.xib in Resources */,
				CFAB03F91E60432E0032BD11 /* Assets.xcassets in Resources */,
				CF1A41DF1E6080E800E76F11 /* MyGarageViewController.xib in Resources */,
			);
			runOnlyForDeploymentPostprocessing = 0;
		};
/* End PBXResourcesBuildPhase section */

/* Begin PBXSourcesBuildPhase section */
		CFAB03EA1E60432D0032BD11 /* Sources */ = {
			isa = PBXSourcesBuildPhase;
			buildActionMask = 2147483647;
			files = (
				CF1A41D61E60808C00E76F11 /* MotorcyclesViewController.swift in Sources */,
				CF1A41DA1E6080B100E76F11 /* SearchViewController.swift in Sources */,
				CFAB03F21E60432E0032BD11 /* AppDelegate.swift in Sources */,
				CF1A41E21E6081F000E76F11 /* ViewControllerAssembler.swift in Sources */,
				CF1A41DE1E6080E800E76F11 /* MyGarageViewController.swift in Sources */,
			);
			runOnlyForDeploymentPostprocessing = 0;
		};
/* End PBXSourcesBuildPhase section */

/* Begin PBXVariantGroup section */
		CFAB03FA1E60432E0032BD11 /* LaunchScreen.storyboard */ = {
			isa = PBXVariantGroup;
			children = (
				CFAB03FB1E60432E0032BD11 /* Base */,
			);
			name = LaunchScreen.storyboard;
			sourceTree = "<group>";
		};
/* End PBXVariantGroup section */

/* Begin XCBuildConfiguration section */
		CFAB03FE1E60432E0032BD11 /* Debug */ = {
			isa = XCBuildConfiguration;
			buildSettings = {
				ALWAYS_SEARCH_USER_PATHS = NO;
				CLANG_ANALYZER_NONNULL = YES;
				CLANG_CXX_LANGUAGE_STANDARD = "gnu++0x";
				CLANG_CXX_LIBRARY = "libc++";
				CLANG_ENABLE_MODULES = YES;
				CLANG_ENABLE_OBJC_ARC = YES;
				CLANG_WARN_BOOL_CONVERSION = YES;
				CLANG_WARN_CONSTANT_CONVERSION = YES;
				CLANG_WARN_DIRECT_OBJC_ISA_USAGE = YES_ERROR;
				CLANG_WARN_DOCUMENTATION_COMMENTS = YES;
				CLANG_WARN_EMPTY_BODY = YES;
				CLANG_WARN_ENUM_CONVERSION = YES;
				CLANG_WARN_INFINITE_RECURSION = YES;
				CLANG_WARN_INT_CONVERSION = YES;
				CLANG_WARN_OBJC_ROOT_CLASS = YES_ERROR;
				CLANG_WARN_SUSPICIOUS_MOVES = YES;
				CLANG_WARN_UNREACHABLE_CODE = YES;
				CLANG_WARN__DUPLICATE_METHOD_MATCH = YES;
				"CODE_SIGN_IDENTITY[sdk=iphoneos*]" = "iPhone Developer";
				COPY_PHASE_STRIP = NO;
				DEBUG_INFORMATION_FORMAT = dwarf;
				ENABLE_STRICT_OBJC_MSGSEND = YES;
				ENABLE_TESTABILITY = YES;
				GCC_C_LANGUAGE_STANDARD = gnu99;
				GCC_DYNAMIC_NO_PIC = NO;
				GCC_NO_COMMON_BLOCKS = YES;
				GCC_OPTIMIZATION_LEVEL = 0;
				GCC_PREPROCESSOR_DEFINITIONS = (
					"DEBUG=1",
					"$(inherited)",
				);
				GCC_WARN_64_TO_32_BIT_CONVERSION = YES;
				GCC_WARN_ABOUT_RETURN_TYPE = YES_ERROR;
				GCC_WARN_UNDECLARED_SELECTOR = YES;
				GCC_WARN_UNINITIALIZED_AUTOS = YES_AGGRESSIVE;
				GCC_WARN_UNUSED_FUNCTION = YES;
				GCC_WARN_UNUSED_VARIABLE = YES;
				IPHONEOS_DEPLOYMENT_TARGET = 10.1;
				MTL_ENABLE_DEBUG_INFO = YES;
				ONLY_ACTIVE_ARCH = YES;
				SDKROOT = iphoneos;
				SWIFT_ACTIVE_COMPILATION_CONDITIONS = DEBUG;
				SWIFT_OPTIMIZATION_LEVEL = "-Onone";
				TARGETED_DEVICE_FAMILY = "1,2";
			};
			name = Debug;
		};
		CFAB03FF1E60432E0032BD11 /* Release */ = {
			isa = XCBuildConfiguration;
			buildSettings = {
				ALWAYS_SEARCH_USER_PATHS = NO;
				CLANG_ANALYZER_NONNULL = YES;
				CLANG_CXX_LANGUAGE_STANDARD = "gnu++0x";
				CLANG_CXX_LIBRARY = "libc++";
				CLANG_ENABLE_MODULES = YES;
				CLANG_ENABLE_OBJC_ARC = YES;
				CLANG_WARN_BOOL_CONVERSION = YES;
				CLANG_WARN_CONSTANT_CONVERSION = YES;
				CLANG_WARN_DIRECT_OBJC_ISA_USAGE = YES_ERROR;
				CLANG_WARN_DOCUMENTATION_COMMENTS = YES;
				CLANG_WARN_EMPTY_BODY = YES;
				CLANG_WARN_ENUM_CONVERSION = YES;
				CLANG_WARN_INFINITE_RECURSION = YES;
				CLANG_WARN_INT_CONVERSION = YES;
				CLANG_WARN_OBJC_ROOT_CLASS = YES_ERROR;
				CLANG_WARN_SUSPICIOUS_MOVES = YES;
				CLANG_WARN_UNREACHABLE_CODE = YES;
				CLANG_WARN__DUPLICATE_METHOD_MATCH = YES;
				"CODE_SIGN_IDENTITY[sdk=iphoneos*]" = "iPhone Developer";
				COPY_PHASE_STRIP = NO;
				DEBUG_INFORMATION_FORMAT = "dwarf-with-dsym";
				ENABLE_NS_ASSERTIONS = NO;
				ENABLE_STRICT_OBJC_MSGSEND = YES;
				GCC_C_LANGUAGE_STANDARD = gnu99;
				GCC_NO_COMMON_BLOCKS = YES;
				GCC_WARN_64_TO_32_BIT_CONVERSION = YES;
				GCC_WARN_ABOUT_RETURN_TYPE = YES_ERROR;
				GCC_WARN_UNDECLARED_SELECTOR = YES;
				GCC_WARN_UNINITIALIZED_AUTOS = YES_AGGRESSIVE;
				GCC_WARN_UNUSED_FUNCTION = YES;
				GCC_WARN_UNUSED_VARIABLE = YES;
				IPHONEOS_DEPLOYMENT_TARGET = 10.1;
				MTL_ENABLE_DEBUG_INFO = NO;
				SDKROOT = iphoneos;
				SWIFT_OPTIMIZATION_LEVEL = "-Owholemodule";
				TARGETED_DEVICE_FAMILY = "1,2";
				VALIDATE_PRODUCT = YES;
			};
			name = Release;
		};
		CFAB04011E60432E0032BD11 /* Debug */ = {
			isa = XCBuildConfiguration;
			buildSettings = {
				ASSETCATALOG_COMPILER_APPICON_NAME = AppIcon;
				DEVELOPMENT_TEAM = Y99795RM29;
				INFOPLIST_FILE = "Guzzi Tracker/Info.plist";
				LD_RUNPATH_SEARCH_PATHS = "$(inherited) @executable_path/Frameworks";
				PRODUCT_BUNDLE_IDENTIFIER = "com.PaoloRocca.Guzzi-Tracker";
				PRODUCT_NAME = "$(TARGET_NAME)";
				SWIFT_VERSION = 3.0;
			};
			name = Debug;
		};
		CFAB04021E60432E0032BD11 /* Release */ = {
			isa = XCBuildConfiguration;
			buildSettings = {
				ASSETCATALOG_COMPILER_APPICON_NAME = AppIcon;
				DEVELOPMENT_TEAM = Y99795RM29;
				INFOPLIST_FILE = "Guzzi Tracker/Info.plist";
				LD_RUNPATH_SEARCH_PATHS = "$(inherited) @executable_path/Frameworks";
				PRODUCT_BUNDLE_IDENTIFIER = "com.PaoloRocca.Guzzi-Tracker";
				PRODUCT_NAME = "$(TARGET_NAME)";
				SWIFT_VERSION = 3.0;
			};
			name = Release;
		};
/* End XCBuildConfiguration section */

/* Begin XCConfigurationList section */
		CFAB03E91E60432D0032BD11 /* Build configuration list for PBXProject "Guzzi Tracker" */ = {
			isa = XCConfigurationList;
			buildConfigurations = (
				CFAB03FE1E60432E0032BD11 /* Debug */,
				CFAB03FF1E60432E0032BD11 /* Release */,
			);
			defaultConfigurationIsVisible = 0;
			defaultConfigurationName = Release;
		};
		CFAB04001E60432E0032BD11 /* Build configuration list for PBXNativeTarget "Guzzi Tracker" */ = {
			isa = XCConfigurationList;
			buildConfigurations = (
				CFAB04011E60432E0032BD11 /* Debug */,
				CFAB04021E60432E0032BD11 /* Release */,
			);
			defaultConfigurationIsVisible = 0;
			defaultConfigurationName = Release;
		};
/* End XCConfigurationList section */
	};
	rootObject = CFAB03E61E60432D0032BD11 /* Project object */;
}
