// !$*UTF8*$!
{
	archiveVersion = 1;
	classes = {
	};
	objectVersion = 46;
	objects = {

/* Begin PBXBuildFile section */
		CF094F711E66C1CA00D351E1 /* info_moto.json in Resources */ = {isa = PBXBuildFile; fileRef = CF094F701E66C1CA00D351E1 /* info_moto.json */; };
		CF0B83171E785D71001C4172 /* SingleImageViewController.swift in Sources */ = {isa = PBXBuildFile; fileRef = CF0B83151E785D71001C4172 /* SingleImageViewController.swift */; };
		CF0B83181E785D71001C4172 /* SingleImageViewController.xib in Resources */ = {isa = PBXBuildFile; fileRef = CF0B83161E785D71001C4172 /* SingleImageViewController.xib */; };
		CF0ED0831E6F15E8008BAB23 /* MotorcycleImagesCell.swift in Sources */ = {isa = PBXBuildFile; fileRef = CF0ED0811E6F15E8008BAB23 /* MotorcycleImagesCell.swift */; };
		CF0ED0841E6F15E8008BAB23 /* MotorcycleImagesCell.xib in Resources */ = {isa = PBXBuildFile; fileRef = CF0ED0821E6F15E8008BAB23 /* MotorcycleImagesCell.xib */; };
		CF0F546A1E819FEC0059650F /* Key.swift in Sources */ = {isa = PBXBuildFile; fileRef = CF0F54691E819FEC0059650F /* Key.swift */; };
		CF0F546C1E81A06A0059650F /* Elements.swift in Sources */ = {isa = PBXBuildFile; fileRef = CF0F546B1E81A06A0059650F /* Elements.swift */; };
		CF1A41D61E60808C00E76F11 /* MotorcyclesViewController.swift in Sources */ = {isa = PBXBuildFile; fileRef = CF1A41D41E60808C00E76F11 /* MotorcyclesViewController.swift */; };
		CF1A41D71E60808C00E76F11 /* MotorcyclesViewController.xib in Resources */ = {isa = PBXBuildFile; fileRef = CF1A41D51E60808C00E76F11 /* MotorcyclesViewController.xib */; };
		CF1A41E21E6081F000E76F11 /* VCFactory.swift in Sources */ = {isa = PBXBuildFile; fileRef = CF1A41E11E6081F000E76F11 /* VCFactory.swift */; };
		CF1CDB7D206FCCBF007BCE95 /* Predicate.swift in Sources */ = {isa = PBXBuildFile; fileRef = CF1CDB7C206FCCBF007BCE95 /* Predicate.swift */; };
		CF1CDB80206FD465007BCE95 /* FiltersViewController.swift in Sources */ = {isa = PBXBuildFile; fileRef = CF1CDB7E206FD465007BCE95 /* FiltersViewController.swift */; };
		CF1CDB81206FD465007BCE95 /* FiltersViewController.xib in Resources */ = {isa = PBXBuildFile; fileRef = CF1CDB7F206FD465007BCE95 /* FiltersViewController.xib */; };
		CF1CDB84206FD5AF007BCE95 /* MinMaxYear.swift in Sources */ = {isa = PBXBuildFile; fileRef = CF1CDB83206FD5AF007BCE95 /* MinMaxYear.swift */; };
		CF2A863A2089EB8C00C1A7E7 /* Wheelbase.swift in Sources */ = {isa = PBXBuildFile; fileRef = CF2A86392089EB8C00C1A7E7 /* Wheelbase.swift */; };
		CF3923F72201F42E000B81E6 /* Kingfisher.framework in Frameworks */ = {isa = PBXBuildFile; fileRef = CF3923F62201F42E000B81E6 /* Kingfisher.framework */; };
		CF3A1CAF2147B66200ABCEC2 /* Review.swift in Sources */ = {isa = PBXBuildFile; fileRef = CF3A1CAE2147B66200ABCEC2 /* Review.swift */; };
		CF419AFE1E6D643300EA7B74 /* MotorcycleInfoViewController.swift in Sources */ = {isa = PBXBuildFile; fileRef = CF419AFC1E6D643300EA7B74 /* MotorcycleInfoViewController.swift */; };
		CF419AFF1E6D643300EA7B74 /* MotorcycleInfoViewController.xib in Resources */ = {isa = PBXBuildFile; fileRef = CF419AFD1E6D643300EA7B74 /* MotorcycleInfoViewController.xib */; };
		CF419B021E6D692700EA7B74 /* MotorcycleInfoCell.swift in Sources */ = {isa = PBXBuildFile; fileRef = CF419B001E6D692700EA7B74 /* MotorcycleInfoCell.swift */; };
		CF419B031E6D692700EA7B74 /* MotorcycleInfoCell.xib in Resources */ = {isa = PBXBuildFile; fileRef = CF419B011E6D692700EA7B74 /* MotorcycleInfoCell.xib */; };
		CF41DEC020A6D6EA00F4A508 /* SearchViewController.swift in Sources */ = {isa = PBXBuildFile; fileRef = CF41DEBE20A6D6EA00F4A508 /* SearchViewController.swift */; };
		CF41DEC120A6D6EB00F4A508 /* SearchViewController.xib in Resources */ = {isa = PBXBuildFile; fileRef = CF41DEBF20A6D6EA00F4A508 /* SearchViewController.xib */; };
		CF41DEC420A6D95000F4A508 /* SearchResultsViewController.swift in Sources */ = {isa = PBXBuildFile; fileRef = CF41DEC220A6D95000F4A508 /* SearchResultsViewController.swift */; };
		CF41DEC520A6D95000F4A508 /* SearchResultsViewController.xib in Resources */ = {isa = PBXBuildFile; fileRef = CF41DEC320A6D95000F4A508 /* SearchResultsViewController.xib */; };
		CF466A10208B212800E44BF2 /* WheelbaseFilterViewController.swift in Sources */ = {isa = PBXBuildFile; fileRef = CF466A0E208B212800E44BF2 /* WheelbaseFilterViewController.swift */; };
		CF466A13208B27EA00E44BF2 /* StrokeCycle.swift in Sources */ = {isa = PBXBuildFile; fileRef = CF466A12208B27EA00E44BF2 /* StrokeCycle.swift */; };
		CF466A16208B364700E44BF2 /* StrokeCycleFilterTableViewController.swift in Sources */ = {isa = PBXBuildFile; fileRef = CF466A14208B364700E44BF2 /* StrokeCycleFilterTableViewController.swift */; };
		CF46F9512131549800DD03CC /* Localizable.stringsdict in Resources */ = {isa = PBXBuildFile; fileRef = CF46F9532131549800DD03CC /* Localizable.stringsdict */; };
		CF56823B20B6A3ED00B52AEB /* FilterButton.swift in Sources */ = {isa = PBXBuildFile; fileRef = CF56823A20B6A3ED00B52AEB /* FilterButton.swift */; };
		CF5D2DB82138362F00E01DFA /* InfoViewController.swift in Sources */ = {isa = PBXBuildFile; fileRef = CF5D2DB62138362F00E01DFA /* InfoViewController.swift */; };
		CF5D2DB92138362F00E01DFA /* InfoViewController.xib in Resources */ = {isa = PBXBuildFile; fileRef = CF5D2DB72138362F00E01DFA /* InfoViewController.xib */; };
		CF690CA81E7150BF00523796 /* ImageCell.swift in Sources */ = {isa = PBXBuildFile; fileRef = CF690CA61E7150BF00523796 /* ImageCell.swift */; };
		CF690CA91E7150BF00523796 /* ImageCell.xib in Resources */ = {isa = PBXBuildFile; fileRef = CF690CA71E7150BF00523796 /* ImageCell.xib */; };
		CF690CAC1E7153AB00523796 /* ImagesViewController.swift in Sources */ = {isa = PBXBuildFile; fileRef = CF690CAA1E7153AB00523796 /* ImagesViewController.swift */; };
		CF690CAD1E7153AB00523796 /* ImagesViewController.xib in Resources */ = {isa = PBXBuildFile; fileRef = CF690CAB1E7153AB00523796 /* ImagesViewController.xib */; };
		CF73C441209315F200596118 /* Ordering.swift in Sources */ = {isa = PBXBuildFile; fileRef = CF73C440209315F200596118 /* Ordering.swift */; };
		CF73C4442093188A00596118 /* ComparatorsViewController.swift in Sources */ = {isa = PBXBuildFile; fileRef = CF73C4422093188A00596118 /* ComparatorsViewController.swift */; };
		CF73C4452093188A00596118 /* ComparatorsViewController.xib in Resources */ = {isa = PBXBuildFile; fileRef = CF73C4432093188A00596118 /* ComparatorsViewController.xib */; };
		CF73C44720931E5B00596118 /* Function.swift in Sources */ = {isa = PBXBuildFile; fileRef = CF73C44620931E5B00596118 /* Function.swift */; };
		CF7A9081212EAA7000F33C43 /* Localizable.strings in Resources */ = {isa = PBXBuildFile; fileRef = CF7A9083212EAA7000F33C43 /* Localizable.strings */; };
		CF8306532087342000570E60 /* Bore.swift in Sources */ = {isa = PBXBuildFile; fileRef = CF8306522087342000570E60 /* Bore.swift */; };
		CF830656208736F600570E60 /* BoreFilterViewController.swift in Sources */ = {isa = PBXBuildFile; fileRef = CF830654208736F600570E60 /* BoreFilterViewController.swift */; };
		CF83065920873EEB00570E60 /* Stroke.swift in Sources */ = {isa = PBXBuildFile; fileRef = CF83065820873EEB00570E60 /* Stroke.swift */; };
		CF83065C20873FC300570E60 /* StrokeFilterViewController.swift in Sources */ = {isa = PBXBuildFile; fileRef = CF83065A20873FC300570E60 /* StrokeFilterViewController.swift */; };
		CF83065F208744BD00570E60 /* Power.swift in Sources */ = {isa = PBXBuildFile; fileRef = CF83065E208744BD00570E60 /* Power.swift */; };
		CF8306622087499700570E60 /* PowerFilterViewController.swift in Sources */ = {isa = PBXBuildFile; fileRef = CF8306602087499700570E60 /* PowerFilterViewController.swift */; };
		CF8C6283206FC629002B8CF6 /* Filter.swift in Sources */ = {isa = PBXBuildFile; fileRef = CF8C6282206FC629002B8CF6 /* Filter.swift */; };
		CF8C6285206FC7DD002B8CF6 /* Ref.swift in Sources */ = {isa = PBXBuildFile; fileRef = CF8C6284206FC7DD002B8CF6 /* Ref.swift */; };
		CF8CCE921E65CBB500F4A37E /* Argo.framework in Frameworks */ = {isa = PBXBuildFile; fileRef = CF8CCE901E65CBB500F4A37E /* Argo.framework */; };
		CF8CCE931E65CBB500F4A37E /* Runes.framework in Frameworks */ = {isa = PBXBuildFile; fileRef = CF8CCE911E65CBB500F4A37E /* Runes.framework */; };
		CF8CCE961E65CFFE00F4A37E /* Curry.framework in Frameworks */ = {isa = PBXBuildFile; fileRef = CF8CCE951E65CFFE00F4A37E /* Curry.framework */; };
		CF98DB1C20849A44002EFC9B /* Displacement.swift in Sources */ = {isa = PBXBuildFile; fileRef = CF98DB1B20849A44002EFC9B /* Displacement.swift */; };
		CF98DB1F20849F68002EFC9B /* DisplacementFilterViewController.swift in Sources */ = {isa = PBXBuildFile; fileRef = CF98DB1D20849F68002EFC9B /* DisplacementFilterViewController.swift */; };
		CF9FD436207624A9003F66F4 /* MinMaxYearFilterViewController.swift in Sources */ = {isa = PBXBuildFile; fileRef = CF9FD434207624A9003F66F4 /* MinMaxYearFilterViewController.swift */; };
		CFA60557207B541500F6AF27 /* Family.swift in Sources */ = {isa = PBXBuildFile; fileRef = CFA60556207B541500F6AF27 /* Family.swift */; };
		CFA843AF21451D38009BE72C /* Info.swift in Sources */ = {isa = PBXBuildFile; fileRef = CFA843AE21451D38009BE72C /* Info.swift */; };
		CFAB03F21E60432E0032BD11 /* AppDelegate.swift in Sources */ = {isa = PBXBuildFile; fileRef = CFAB03F11E60432E0032BD11 /* AppDelegate.swift */; };
		CFAB03F91E60432E0032BD11 /* Assets.xcassets in Resources */ = {isa = PBXBuildFile; fileRef = CFAB03F81E60432E0032BD11 /* Assets.xcassets */; };
		CFAB03FC1E60432E0032BD11 /* LaunchScreen.storyboard in Resources */ = {isa = PBXBuildFile; fileRef = CFAB03FA1E60432E0032BD11 /* LaunchScreen.storyboard */; };
		CFAC091A20AC1B7B00689C5A /* MyGarageViewController.swift in Sources */ = {isa = PBXBuildFile; fileRef = CFAC091820AC1B7B00689C5A /* MyGarageViewController.swift */; };
		CFAC091B20AC1B7B00689C5A /* MyGarageViewController.xib in Resources */ = {isa = PBXBuildFile; fileRef = CFAC091920AC1B7B00689C5A /* MyGarageViewController.xib */; };
		CFAC091D20AC1C7300689C5A /* FavoritesList.swift in Sources */ = {isa = PBXBuildFile; fileRef = CFAC091C20AC1C7300689C5A /* FavoritesList.swift */; };
		CFB0664A21400D440065EC5E /* CellRepresentable.swift in Sources */ = {isa = PBXBuildFile; fileRef = CFB0664921400D440065EC5E /* CellRepresentable.swift */; };
		CFB0664D214014F00065EC5E /* FilterProvider.swift in Sources */ = {isa = PBXBuildFile; fileRef = CFB0664C214014F00065EC5E /* FilterProvider.swift */; };
		CFB06650214015C80065EC5E /* Comparator.swift in Sources */ = {isa = PBXBuildFile; fileRef = CFB0664F214015C80065EC5E /* Comparator.swift */; };
		CFB066522140165C0065EC5E /* Order.swift in Sources */ = {isa = PBXBuildFile; fileRef = CFB066512140165C0065EC5E /* Order.swift */; };
		CFB4E1F0213ECDDA0081E0CC /* Motorcycle.swift in Sources */ = {isa = PBXBuildFile; fileRef = CFB4E1EF213ECDDA0081E0CC /* Motorcycle.swift */; };
		CFB4E1F2213ED0C50081E0CC /* Texts.swift in Sources */ = {isa = PBXBuildFile; fileRef = CFB4E1F1213ED0C50081E0CC /* Texts.swift */; };
		CFB4E1F4213ED2D20081E0CC /* JsonFile.swift in Sources */ = {isa = PBXBuildFile; fileRef = CFB4E1F3213ED2D20081E0CC /* JsonFile.swift */; };
		CFB4E1F8213EEA1D0081E0CC /* ViewModel structs.swift in Sources */ = {isa = PBXBuildFile; fileRef = CFB4E1F7213EEA1D0081E0CC /* ViewModel structs.swift */; };
		CFB4E1FB213EEC680081E0CC /* Argo.swift in Sources */ = {isa = PBXBuildFile; fileRef = CFB4E1FA213EEC680081E0CC /* Argo.swift */; };
		CFB4E1FD213EEDD80081E0CC /* Standard types.swift in Sources */ = {isa = PBXBuildFile; fileRef = CFB4E1FC213EEDD80081E0CC /* Standard types.swift */; };
		CFD4E44F1E66DC8000EFAB57 /* Data.swift in Sources */ = {isa = PBXBuildFile; fileRef = CFD4E44E1E66DC8000EFAB57 /* Data.swift */; };
		CFD4E4521E67355900EFAB57 /* MotorcycleCell.swift in Sources */ = {isa = PBXBuildFile; fileRef = CFD4E4511E67355900EFAB57 /* MotorcycleCell.swift */; };
		CFD4E4541E67361800EFAB57 /* MotorcycleCell.xib in Resources */ = {isa = PBXBuildFile; fileRef = CFD4E4531E67361800EFAB57 /* MotorcycleCell.xib */; };
		CFE280A81E6F12830090AAA7 /* MotorcycleNotesCell.swift in Sources */ = {isa = PBXBuildFile; fileRef = CFE280A61E6F12830090AAA7 /* MotorcycleNotesCell.swift */; };
		CFE280A91E6F12830090AAA7 /* MotorcycleNotesCell.xib in Resources */ = {isa = PBXBuildFile; fileRef = CFE280A71E6F12830090AAA7 /* MotorcycleNotesCell.xib */; };
		CFE400D2207B703E001F9E1A /* FamilyFilterViewController.swift in Sources */ = {isa = PBXBuildFile; fileRef = CFE400D0207B703E001F9E1A /* FamilyFilterViewController.swift */; };
		CFE400D3207B703E001F9E1A /* FamilyFilterViewController.xib in Resources */ = {isa = PBXBuildFile; fileRef = CFE400D1207B703E001F9E1A /* FamilyFilterViewController.xib */; };
		CFE485B7213539F200949E81 /* WeightFilterViewController.xib in Resources */ = {isa = PBXBuildFile; fileRef = CFE485B9213539F200949E81 /* WeightFilterViewController.xib */; };
		CFE485BE21353D9600949E81 /* StrokeCycleFilterTableViewController.xib in Resources */ = {isa = PBXBuildFile; fileRef = CFE485C021353D9600949E81 /* StrokeCycleFilterTableViewController.xib */; };
		CFE485C521353DDF00949E81 /* WheelbaseFilterViewController.xib in Resources */ = {isa = PBXBuildFile; fileRef = CFE485C721353DDF00949E81 /* WheelbaseFilterViewController.xib */; };
		CFE485CC21353DF900949E81 /* PowerFilterViewController.xib in Resources */ = {isa = PBXBuildFile; fileRef = CFE485CE21353DF900949E81 /* PowerFilterViewController.xib */; };
		CFE485D321353E1200949E81 /* StrokeFilterViewController.xib in Resources */ = {isa = PBXBuildFile; fileRef = CFE485D521353E1200949E81 /* StrokeFilterViewController.xib */; };
		CFE485DA21353E3100949E81 /* BoreFilterViewController.xib in Resources */ = {isa = PBXBuildFile; fileRef = CFE485DC21353E3100949E81 /* BoreFilterViewController.xib */; };
		CFE485E121353E4200949E81 /* DisplacementFilterViewController.xib in Resources */ = {isa = PBXBuildFile; fileRef = CFE485E321353E4200949E81 /* DisplacementFilterViewController.xib */; };
		CFE485E821353E5F00949E81 /* MinMaxYearFilterViewController.xib in Resources */ = {isa = PBXBuildFile; fileRef = CFE485EA21353E5F00949E81 /* MinMaxYearFilterViewController.xib */; };
		CFF7C68A207CB30F001A7B90 /* Weight.swift in Sources */ = {isa = PBXBuildFile; fileRef = CFF7C689207CB30F001A7B90 /* Weight.swift */; };
		CFF7C68D207CBA26001A7B90 /* WeightFilterViewController.swift in Sources */ = {isa = PBXBuildFile; fileRef = CFF7C68B207CBA26001A7B90 /* WeightFilterViewController.swift */; };
		CFF80DD6214A505E001CAC01 /* TableBackgroundViewController.swift in Sources */ = {isa = PBXBuildFile; fileRef = CFF80DD4214A505E001CAC01 /* TableBackgroundViewController.swift */; };
		CFF80DD7214A505E001CAC01 /* TableBackgroundViewController.xib in Resources */ = {isa = PBXBuildFile; fileRef = CFF80DD5214A505E001CAC01 /* TableBackgroundViewController.xib */; };
/* End PBXBuildFile section */

/* Begin PBXFileReference section */
		CF094F701E66C1CA00D351E1 /* info_moto.json */ = {isa = PBXFileReference; fileEncoding = 4; lastKnownFileType = text.json; path = info_moto.json; sourceTree = "<group>"; };
		CF0B83151E785D71001C4172 /* SingleImageViewController.swift */ = {isa = PBXFileReference; fileEncoding = 4; lastKnownFileType = sourcecode.swift; path = SingleImageViewController.swift; sourceTree = "<group>"; };
		CF0B83161E785D71001C4172 /* SingleImageViewController.xib */ = {isa = PBXFileReference; fileEncoding = 4; lastKnownFileType = file.xib; path = SingleImageViewController.xib; sourceTree = "<group>"; };
		CF0ED0811E6F15E8008BAB23 /* MotorcycleImagesCell.swift */ = {isa = PBXFileReference; fileEncoding = 4; lastKnownFileType = sourcecode.swift; path = MotorcycleImagesCell.swift; sourceTree = "<group>"; };
		CF0ED0821E6F15E8008BAB23 /* MotorcycleImagesCell.xib */ = {isa = PBXFileReference; fileEncoding = 4; lastKnownFileType = file.xib; path = MotorcycleImagesCell.xib; sourceTree = "<group>"; };
		CF0F54691E819FEC0059650F /* Key.swift */ = {isa = PBXFileReference; fileEncoding = 4; lastKnownFileType = sourcecode.swift; path = Key.swift; sourceTree = "<group>"; };
		CF0F546B1E81A06A0059650F /* Elements.swift */ = {isa = PBXFileReference; fileEncoding = 4; lastKnownFileType = sourcecode.swift; path = Elements.swift; sourceTree = "<group>"; };
		CF1A41D41E60808C00E76F11 /* MotorcyclesViewController.swift */ = {isa = PBXFileReference; fileEncoding = 4; lastKnownFileType = sourcecode.swift; path = MotorcyclesViewController.swift; sourceTree = "<group>"; };
		CF1A41D51E60808C00E76F11 /* MotorcyclesViewController.xib */ = {isa = PBXFileReference; fileEncoding = 4; lastKnownFileType = file.xib; path = MotorcyclesViewController.xib; sourceTree = "<group>"; };
		CF1A41E11E6081F000E76F11 /* VCFactory.swift */ = {isa = PBXFileReference; fileEncoding = 4; lastKnownFileType = sourcecode.swift; path = VCFactory.swift; sourceTree = "<group>"; };
		CF1CDB7C206FCCBF007BCE95 /* Predicate.swift */ = {isa = PBXFileReference; lastKnownFileType = sourcecode.swift; path = Predicate.swift; sourceTree = "<group>"; };
		CF1CDB7E206FD465007BCE95 /* FiltersViewController.swift */ = {isa = PBXFileReference; lastKnownFileType = sourcecode.swift; path = FiltersViewController.swift; sourceTree = "<group>"; };
		CF1CDB7F206FD465007BCE95 /* FiltersViewController.xib */ = {isa = PBXFileReference; lastKnownFileType = file.xib; path = FiltersViewController.xib; sourceTree = "<group>"; };
		CF1CDB83206FD5AF007BCE95 /* MinMaxYear.swift */ = {isa = PBXFileReference; lastKnownFileType = sourcecode.swift; path = MinMaxYear.swift; sourceTree = "<group>"; };
		CF2A86392089EB8C00C1A7E7 /* Wheelbase.swift */ = {isa = PBXFileReference; lastKnownFileType = sourcecode.swift; path = Wheelbase.swift; sourceTree = "<group>"; };
		CF3923F62201F42E000B81E6 /* Kingfisher.framework */ = {isa = PBXFileReference; lastKnownFileType = wrapper.framework; name = Kingfisher.framework; path = Carthage/Build/iOS/Kingfisher.framework; sourceTree = "<group>"; };
		CF3A1CAE2147B66200ABCEC2 /* Review.swift */ = {isa = PBXFileReference; lastKnownFileType = sourcecode.swift; path = Review.swift; sourceTree = "<group>"; };
		CF419AFC1E6D643300EA7B74 /* MotorcycleInfoViewController.swift */ = {isa = PBXFileReference; fileEncoding = 4; lastKnownFileType = sourcecode.swift; path = MotorcycleInfoViewController.swift; sourceTree = "<group>"; };
		CF419AFD1E6D643300EA7B74 /* MotorcycleInfoViewController.xib */ = {isa = PBXFileReference; fileEncoding = 4; lastKnownFileType = file.xib; path = MotorcycleInfoViewController.xib; sourceTree = "<group>"; };
		CF419B001E6D692700EA7B74 /* MotorcycleInfoCell.swift */ = {isa = PBXFileReference; fileEncoding = 4; lastKnownFileType = sourcecode.swift; path = MotorcycleInfoCell.swift; sourceTree = "<group>"; };
		CF419B011E6D692700EA7B74 /* MotorcycleInfoCell.xib */ = {isa = PBXFileReference; fileEncoding = 4; lastKnownFileType = file.xib; path = MotorcycleInfoCell.xib; sourceTree = "<group>"; };
		CF41DEBE20A6D6EA00F4A508 /* SearchViewController.swift */ = {isa = PBXFileReference; lastKnownFileType = sourcecode.swift; path = SearchViewController.swift; sourceTree = "<group>"; };
		CF41DEBF20A6D6EA00F4A508 /* SearchViewController.xib */ = {isa = PBXFileReference; lastKnownFileType = file.xib; path = SearchViewController.xib; sourceTree = "<group>"; };
		CF41DEC220A6D95000F4A508 /* SearchResultsViewController.swift */ = {isa = PBXFileReference; lastKnownFileType = sourcecode.swift; path = SearchResultsViewController.swift; sourceTree = "<group>"; };
		CF41DEC320A6D95000F4A508 /* SearchResultsViewController.xib */ = {isa = PBXFileReference; lastKnownFileType = file.xib; path = SearchResultsViewController.xib; sourceTree = "<group>"; };
		CF466A0E208B212800E44BF2 /* WheelbaseFilterViewController.swift */ = {isa = PBXFileReference; lastKnownFileType = sourcecode.swift; path = WheelbaseFilterViewController.swift; sourceTree = "<group>"; };
		CF466A12208B27EA00E44BF2 /* StrokeCycle.swift */ = {isa = PBXFileReference; lastKnownFileType = sourcecode.swift; path = StrokeCycle.swift; sourceTree = "<group>"; };
		CF466A14208B364700E44BF2 /* StrokeCycleFilterTableViewController.swift */ = {isa = PBXFileReference; lastKnownFileType = sourcecode.swift; path = StrokeCycleFilterTableViewController.swift; sourceTree = "<group>"; };
		CF46F9522131549800DD03CC /* en */ = {isa = PBXFileReference; lastKnownFileType = text.plist.stringsdict; name = en; path = en.lproj/Localizable.stringsdict; sourceTree = "<group>"; };
		CF46F9542131549E00DD03CC /* it */ = {isa = PBXFileReference; lastKnownFileType = text.plist.stringsdict; name = it; path = it.lproj/Localizable.stringsdict; sourceTree = "<group>"; };
		CF56823A20B6A3ED00B52AEB /* FilterButton.swift */ = {isa = PBXFileReference; lastKnownFileType = sourcecode.swift; path = FilterButton.swift; sourceTree = "<group>"; };
		CF5D2DB62138362F00E01DFA /* InfoViewController.swift */ = {isa = PBXFileReference; lastKnownFileType = sourcecode.swift; path = InfoViewController.swift; sourceTree = "<group>"; };
		CF5D2DB72138362F00E01DFA /* InfoViewController.xib */ = {isa = PBXFileReference; lastKnownFileType = file.xib; path = InfoViewController.xib; sourceTree = "<group>"; };
		CF690CA61E7150BF00523796 /* ImageCell.swift */ = {isa = PBXFileReference; fileEncoding = 4; lastKnownFileType = sourcecode.swift; path = ImageCell.swift; sourceTree = "<group>"; };
		CF690CA71E7150BF00523796 /* ImageCell.xib */ = {isa = PBXFileReference; fileEncoding = 4; lastKnownFileType = file.xib; path = ImageCell.xib; sourceTree = "<group>"; };
		CF690CAA1E7153AB00523796 /* ImagesViewController.swift */ = {isa = PBXFileReference; fileEncoding = 4; lastKnownFileType = sourcecode.swift; path = ImagesViewController.swift; sourceTree = "<group>"; };
		CF690CAB1E7153AB00523796 /* ImagesViewController.xib */ = {isa = PBXFileReference; fileEncoding = 4; lastKnownFileType = file.xib; path = ImagesViewController.xib; sourceTree = "<group>"; };
		CF73C440209315F200596118 /* Ordering.swift */ = {isa = PBXFileReference; lastKnownFileType = sourcecode.swift; path = Ordering.swift; sourceTree = "<group>"; };
		CF73C4422093188A00596118 /* ComparatorsViewController.swift */ = {isa = PBXFileReference; lastKnownFileType = sourcecode.swift; path = ComparatorsViewController.swift; sourceTree = "<group>"; };
		CF73C4432093188A00596118 /* ComparatorsViewController.xib */ = {isa = PBXFileReference; lastKnownFileType = file.xib; path = ComparatorsViewController.xib; sourceTree = "<group>"; };
		CF73C44620931E5B00596118 /* Function.swift */ = {isa = PBXFileReference; lastKnownFileType = sourcecode.swift; path = Function.swift; sourceTree = "<group>"; };
		CF7A9080212EAA0A00F33C43 /* it */ = {isa = PBXFileReference; lastKnownFileType = text.plist.strings; name = it; path = it.lproj/LaunchScreen.strings; sourceTree = "<group>"; };
		CF7A9082212EAA7000F33C43 /* en */ = {isa = PBXFileReference; lastKnownFileType = text.plist.strings; name = en; path = en.lproj/Localizable.strings; sourceTree = "<group>"; };
		CF7A9084212EAA8000F33C43 /* it */ = {isa = PBXFileReference; lastKnownFileType = text.plist.strings; name = it; path = it.lproj/Localizable.strings; sourceTree = "<group>"; };
		CF8306522087342000570E60 /* Bore.swift */ = {isa = PBXFileReference; lastKnownFileType = sourcecode.swift; path = Bore.swift; sourceTree = "<group>"; };
		CF830654208736F600570E60 /* BoreFilterViewController.swift */ = {isa = PBXFileReference; lastKnownFileType = sourcecode.swift; path = BoreFilterViewController.swift; sourceTree = "<group>"; };
		CF83065820873EEB00570E60 /* Stroke.swift */ = {isa = PBXFileReference; lastKnownFileType = sourcecode.swift; path = Stroke.swift; sourceTree = "<group>"; };
		CF83065A20873FC300570E60 /* StrokeFilterViewController.swift */ = {isa = PBXFileReference; lastKnownFileType = sourcecode.swift; path = StrokeFilterViewController.swift; sourceTree = "<group>"; };
		CF83065E208744BD00570E60 /* Power.swift */ = {isa = PBXFileReference; lastKnownFileType = sourcecode.swift; path = Power.swift; sourceTree = "<group>"; };
		CF8306602087499700570E60 /* PowerFilterViewController.swift */ = {isa = PBXFileReference; lastKnownFileType = sourcecode.swift; path = PowerFilterViewController.swift; sourceTree = "<group>"; };
		CF8C6282206FC629002B8CF6 /* Filter.swift */ = {isa = PBXFileReference; lastKnownFileType = sourcecode.swift; path = Filter.swift; sourceTree = "<group>"; };
		CF8C6284206FC7DD002B8CF6 /* Ref.swift */ = {isa = PBXFileReference; lastKnownFileType = sourcecode.swift; path = Ref.swift; sourceTree = "<group>"; };
		CF8CCE901E65CBB500F4A37E /* Argo.framework */ = {isa = PBXFileReference; lastKnownFileType = wrapper.framework; name = Argo.framework; path = Carthage/Build/iOS/Argo.framework; sourceTree = "<group>"; };
		CF8CCE911E65CBB500F4A37E /* Runes.framework */ = {isa = PBXFileReference; lastKnownFileType = wrapper.framework; name = Runes.framework; path = Carthage/Build/iOS/Runes.framework; sourceTree = "<group>"; };
		CF8CCE951E65CFFE00F4A37E /* Curry.framework */ = {isa = PBXFileReference; lastKnownFileType = wrapper.framework; name = Curry.framework; path = Carthage/Build/iOS/Curry.framework; sourceTree = "<group>"; };
		CF98DB1B20849A44002EFC9B /* Displacement.swift */ = {isa = PBXFileReference; lastKnownFileType = sourcecode.swift; path = Displacement.swift; sourceTree = "<group>"; };
		CF98DB1D20849F68002EFC9B /* DisplacementFilterViewController.swift */ = {isa = PBXFileReference; lastKnownFileType = sourcecode.swift; path = DisplacementFilterViewController.swift; sourceTree = "<group>"; };
		CF9FD434207624A9003F66F4 /* MinMaxYearFilterViewController.swift */ = {isa = PBXFileReference; lastKnownFileType = sourcecode.swift; path = MinMaxYearFilterViewController.swift; sourceTree = "<group>"; };
		CFA60556207B541500F6AF27 /* Family.swift */ = {isa = PBXFileReference; lastKnownFileType = sourcecode.swift; path = Family.swift; sourceTree = "<group>"; };
		CFA843AE21451D38009BE72C /* Info.swift */ = {isa = PBXFileReference; lastKnownFileType = sourcecode.swift; path = Info.swift; sourceTree = "<group>"; };
		CFAB03EE1E60432E0032BD11 /* Guzzi Tracker.app */ = {isa = PBXFileReference; explicitFileType = wrapper.application; includeInIndex = 0; path = "Guzzi Tracker.app"; sourceTree = BUILT_PRODUCTS_DIR; };
		CFAB03F11E60432E0032BD11 /* AppDelegate.swift */ = {isa = PBXFileReference; lastKnownFileType = sourcecode.swift; path = AppDelegate.swift; sourceTree = "<group>"; };
		CFAB03F81E60432E0032BD11 /* Assets.xcassets */ = {isa = PBXFileReference; lastKnownFileType = folder.assetcatalog; path = Assets.xcassets; sourceTree = "<group>"; };
		CFAB03FB1E60432E0032BD11 /* Base */ = {isa = PBXFileReference; lastKnownFileType = file.storyboard; name = Base; path = Base.lproj/LaunchScreen.storyboard; sourceTree = "<group>"; };
		CFAB03FD1E60432E0032BD11 /* Info.plist */ = {isa = PBXFileReference; lastKnownFileType = text.plist.xml; path = Info.plist; sourceTree = "<group>"; };
		CFAC091820AC1B7B00689C5A /* MyGarageViewController.swift */ = {isa = PBXFileReference; lastKnownFileType = sourcecode.swift; path = MyGarageViewController.swift; sourceTree = "<group>"; };
		CFAC091920AC1B7B00689C5A /* MyGarageViewController.xib */ = {isa = PBXFileReference; lastKnownFileType = file.xib; path = MyGarageViewController.xib; sourceTree = "<group>"; };
		CFAC091C20AC1C7300689C5A /* FavoritesList.swift */ = {isa = PBXFileReference; lastKnownFileType = sourcecode.swift; path = FavoritesList.swift; sourceTree = "<group>"; };
		CFB0664921400D440065EC5E /* CellRepresentable.swift */ = {isa = PBXFileReference; lastKnownFileType = sourcecode.swift; path = CellRepresentable.swift; sourceTree = "<group>"; };
		CFB0664C214014F00065EC5E /* FilterProvider.swift */ = {isa = PBXFileReference; lastKnownFileType = sourcecode.swift; path = FilterProvider.swift; sourceTree = "<group>"; };
		CFB0664F214015C80065EC5E /* Comparator.swift */ = {isa = PBXFileReference; lastKnownFileType = sourcecode.swift; path = Comparator.swift; sourceTree = "<group>"; };
		CFB066512140165C0065EC5E /* Order.swift */ = {isa = PBXFileReference; lastKnownFileType = sourcecode.swift; path = Order.swift; sourceTree = "<group>"; };
		CFB4E1EF213ECDDA0081E0CC /* Motorcycle.swift */ = {isa = PBXFileReference; lastKnownFileType = sourcecode.swift; path = Motorcycle.swift; sourceTree = "<group>"; };
		CFB4E1F1213ED0C50081E0CC /* Texts.swift */ = {isa = PBXFileReference; lastKnownFileType = sourcecode.swift; path = Texts.swift; sourceTree = "<group>"; };
		CFB4E1F3213ED2D20081E0CC /* JsonFile.swift */ = {isa = PBXFileReference; lastKnownFileType = sourcecode.swift; path = JsonFile.swift; sourceTree = "<group>"; };
		CFB4E1F7213EEA1D0081E0CC /* ViewModel structs.swift */ = {isa = PBXFileReference; lastKnownFileType = sourcecode.swift; path = "ViewModel structs.swift"; sourceTree = "<group>"; };
		CFB4E1FA213EEC680081E0CC /* Argo.swift */ = {isa = PBXFileReference; lastKnownFileType = sourcecode.swift; path = Argo.swift; sourceTree = "<group>"; };
		CFB4E1FC213EEDD80081E0CC /* Standard types.swift */ = {isa = PBXFileReference; lastKnownFileType = sourcecode.swift; path = "Standard types.swift"; sourceTree = "<group>"; };
		CFD4E44E1E66DC8000EFAB57 /* Data.swift */ = {isa = PBXFileReference; fileEncoding = 4; lastKnownFileType = sourcecode.swift; path = Data.swift; sourceTree = "<group>"; };
		CFD4E4511E67355900EFAB57 /* MotorcycleCell.swift */ = {isa = PBXFileReference; fileEncoding = 4; lastKnownFileType = sourcecode.swift; path = MotorcycleCell.swift; sourceTree = "<group>"; };
		CFD4E4531E67361800EFAB57 /* MotorcycleCell.xib */ = {isa = PBXFileReference; fileEncoding = 4; lastKnownFileType = file.xib; path = MotorcycleCell.xib; sourceTree = "<group>"; };
		CFE280A61E6F12830090AAA7 /* MotorcycleNotesCell.swift */ = {isa = PBXFileReference; fileEncoding = 4; lastKnownFileType = sourcecode.swift; path = MotorcycleNotesCell.swift; sourceTree = "<group>"; };
		CFE280A71E6F12830090AAA7 /* MotorcycleNotesCell.xib */ = {isa = PBXFileReference; fileEncoding = 4; lastKnownFileType = file.xib; path = MotorcycleNotesCell.xib; sourceTree = "<group>"; };
		CFE400D0207B703E001F9E1A /* FamilyFilterViewController.swift */ = {isa = PBXFileReference; lastKnownFileType = sourcecode.swift; path = FamilyFilterViewController.swift; sourceTree = "<group>"; };
		CFE400D1207B703E001F9E1A /* FamilyFilterViewController.xib */ = {isa = PBXFileReference; lastKnownFileType = file.xib; path = FamilyFilterViewController.xib; sourceTree = "<group>"; };
		CFE485B8213539F200949E81 /* Base */ = {isa = PBXFileReference; lastKnownFileType = file.xib; name = Base; path = Base.lproj/WeightFilterViewController.xib; sourceTree = "<group>"; };
		CFE485BB213539F400949E81 /* en */ = {isa = PBXFileReference; lastKnownFileType = text.plist.strings; name = en; path = en.lproj/WeightFilterViewController.strings; sourceTree = "<group>"; };
		CFE485BD213539F600949E81 /* it */ = {isa = PBXFileReference; lastKnownFileType = text.plist.strings; name = it; path = it.lproj/WeightFilterViewController.strings; sourceTree = "<group>"; };
		CFE485BF21353D9600949E81 /* Base */ = {isa = PBXFileReference; lastKnownFileType = file.xib; name = Base; path = Base.lproj/StrokeCycleFilterTableViewController.xib; sourceTree = "<group>"; };
		CFE485C221353D9800949E81 /* en */ = {isa = PBXFileReference; lastKnownFileType = text.plist.strings; name = en; path = en.lproj/StrokeCycleFilterTableViewController.strings; sourceTree = "<group>"; };
		CFE485C421353D9900949E81 /* it */ = {isa = PBXFileReference; lastKnownFileType = text.plist.strings; name = it; path = it.lproj/StrokeCycleFilterTableViewController.strings; sourceTree = "<group>"; };
		CFE485C621353DDF00949E81 /* Base */ = {isa = PBXFileReference; lastKnownFileType = file.xib; name = Base; path = Base.lproj/WheelbaseFilterViewController.xib; sourceTree = "<group>"; };
		CFE485C921353DE300949E81 /* en */ = {isa = PBXFileReference; lastKnownFileType = text.plist.strings; name = en; path = en.lproj/WheelbaseFilterViewController.strings; sourceTree = "<group>"; };
		CFE485CB21353DE400949E81 /* it */ = {isa = PBXFileReference; lastKnownFileType = text.plist.strings; name = it; path = it.lproj/WheelbaseFilterViewController.strings; sourceTree = "<group>"; };
		CFE485CD21353DF900949E81 /* Base */ = {isa = PBXFileReference; lastKnownFileType = file.xib; name = Base; path = Base.lproj/PowerFilterViewController.xib; sourceTree = "<group>"; };
		CFE485D021353DFA00949E81 /* en */ = {isa = PBXFileReference; lastKnownFileType = text.plist.strings; name = en; path = en.lproj/PowerFilterViewController.strings; sourceTree = "<group>"; };
		CFE485D221353DFB00949E81 /* it */ = {isa = PBXFileReference; lastKnownFileType = text.plist.strings; name = it; path = it.lproj/PowerFilterViewController.strings; sourceTree = "<group>"; };
		CFE485D421353E1200949E81 /* Base */ = {isa = PBXFileReference; lastKnownFileType = file.xib; name = Base; path = Base.lproj/StrokeFilterViewController.xib; sourceTree = "<group>"; };
		CFE485D721353E1400949E81 /* en */ = {isa = PBXFileReference; lastKnownFileType = text.plist.strings; name = en; path = en.lproj/StrokeFilterViewController.strings; sourceTree = "<group>"; };
		CFE485D921353E1500949E81 /* it */ = {isa = PBXFileReference; lastKnownFileType = text.plist.strings; name = it; path = it.lproj/StrokeFilterViewController.strings; sourceTree = "<group>"; };
		CFE485DB21353E3100949E81 /* Base */ = {isa = PBXFileReference; lastKnownFileType = file.xib; name = Base; path = Base.lproj/BoreFilterViewController.xib; sourceTree = "<group>"; };
		CFE485DE21353E3300949E81 /* en */ = {isa = PBXFileReference; lastKnownFileType = text.plist.strings; name = en; path = en.lproj/BoreFilterViewController.strings; sourceTree = "<group>"; };
		CFE485E021353E3400949E81 /* it */ = {isa = PBXFileReference; lastKnownFileType = text.plist.strings; name = it; path = it.lproj/BoreFilterViewController.strings; sourceTree = "<group>"; };
		CFE485E221353E4200949E81 /* Base */ = {isa = PBXFileReference; lastKnownFileType = file.xib; name = Base; path = Base.lproj/DisplacementFilterViewController.xib; sourceTree = "<group>"; };
		CFE485E521353E4400949E81 /* en */ = {isa = PBXFileReference; lastKnownFileType = text.plist.strings; name = en; path = en.lproj/DisplacementFilterViewController.strings; sourceTree = "<group>"; };
		CFE485E721353E4500949E81 /* it */ = {isa = PBXFileReference; lastKnownFileType = text.plist.strings; name = it; path = it.lproj/DisplacementFilterViewController.strings; sourceTree = "<group>"; };
		CFE485E921353E5F00949E81 /* Base */ = {isa = PBXFileReference; lastKnownFileType = file.xib; name = Base; path = Base.lproj/MinMaxYearFilterViewController.xib; sourceTree = "<group>"; };
		CFE485EC21353E6100949E81 /* en */ = {isa = PBXFileReference; lastKnownFileType = text.plist.strings; name = en; path = en.lproj/MinMaxYearFilterViewController.strings; sourceTree = "<group>"; };
		CFE485EE21353E6200949E81 /* it */ = {isa = PBXFileReference; lastKnownFileType = text.plist.strings; name = it; path = it.lproj/MinMaxYearFilterViewController.strings; sourceTree = "<group>"; };
		CFF7C689207CB30F001A7B90 /* Weight.swift */ = {isa = PBXFileReference; lastKnownFileType = sourcecode.swift; path = Weight.swift; sourceTree = "<group>"; };
		CFF7C68B207CBA26001A7B90 /* WeightFilterViewController.swift */ = {isa = PBXFileReference; lastKnownFileType = sourcecode.swift; path = WeightFilterViewController.swift; sourceTree = "<group>"; };
		CFF80DD4214A505E001CAC01 /* TableBackgroundViewController.swift */ = {isa = PBXFileReference; lastKnownFileType = sourcecode.swift; path = TableBackgroundViewController.swift; sourceTree = "<group>"; };
		CFF80DD5214A505E001CAC01 /* TableBackgroundViewController.xib */ = {isa = PBXFileReference; lastKnownFileType = file.xib; path = TableBackgroundViewController.xib; sourceTree = "<group>"; };
/* End PBXFileReference section */

/* Begin PBXFrameworksBuildPhase section */
		CFAB03EB1E60432D0032BD11 /* Frameworks */ = {
			isa = PBXFrameworksBuildPhase;
			buildActionMask = 2147483647;
			files = (
				CF8CCE931E65CBB500F4A37E /* Runes.framework in Frameworks */,
				CF8CCE921E65CBB500F4A37E /* Argo.framework in Frameworks */,
				CF8CCE961E65CFFE00F4A37E /* Curry.framework in Frameworks */,
				CF3923F72201F42E000B81E6 /* Kingfisher.framework in Frameworks */,
			);
			runOnlyForDeploymentPostprocessing = 0;
		};
/* End PBXFrameworksBuildPhase section */

/* Begin PBXGroup section */
		CF1B2414224A89EE0086DB9F /* Elements */ = {
			isa = PBXGroup;
			children = (
				CF1B2415224A8A500086DB9F /* Extensions */,
				CF1B2416224A8A680086DB9F /* Models */,
				CF1B2417224A8A7D0086DB9F /* Filter */,
				CF1B2419224A8AA80086DB9F /* Order */,
				CF1A41E11E6081F000E76F11 /* VCFactory.swift */,
				CFB0664921400D440065EC5E /* CellRepresentable.swift */,
				CF0F546B1E81A06A0059650F /* Elements.swift */,
				CFD4E44E1E66DC8000EFAB57 /* Data.swift */,
				CFAC091C20AC1C7300689C5A /* FavoritesList.swift */,
				CF8C6284206FC7DD002B8CF6 /* Ref.swift */,
				CF56823A20B6A3ED00B52AEB /* FilterButton.swift */,
				CFA843AE21451D38009BE72C /* Info.swift */,
				CF3A1CAE2147B66200ABCEC2 /* Review.swift */,
			);
			path = Elements;
			sourceTree = "<group>";
		};
		CF1B2415224A8A500086DB9F /* Extensions */ = {
			isa = PBXGroup;
			children = (
				CFB4E1FA213EEC680081E0CC /* Argo.swift */,
				CFB4E1FC213EEDD80081E0CC /* Standard types.swift */,
			);
			path = Extensions;
			sourceTree = "<group>";
		};
		CF1B2416224A8A680086DB9F /* Models */ = {
			isa = PBXGroup;
			children = (
				CFB4E1EF213ECDDA0081E0CC /* Motorcycle.swift */,
				CFB4E1F1213ED0C50081E0CC /* Texts.swift */,
				CFB4E1F3213ED2D20081E0CC /* JsonFile.swift */,
				CFB4E1F7213EEA1D0081E0CC /* ViewModel structs.swift */,
				CF0F54691E819FEC0059650F /* Key.swift */,
			);
			path = Models;
			sourceTree = "<group>";
		};
		CF1B2417224A8A7D0086DB9F /* Filter */ = {
			isa = PBXGroup;
			children = (
				CF1B2418224A8A8E0086DB9F /* Motorcycle filters */,
				CF1CDB7C206FCCBF007BCE95 /* Predicate.swift */,
				CF8C6282206FC629002B8CF6 /* Filter.swift */,
				CFB0664C214014F00065EC5E /* FilterProvider.swift */,
			);
			path = Filter;
			sourceTree = "<group>";
		};
		CF1B2418224A8A8E0086DB9F /* Motorcycle filters */ = {
			isa = PBXGroup;
			children = (
				CF1CDB83206FD5AF007BCE95 /* MinMaxYear.swift */,
				CFA60556207B541500F6AF27 /* Family.swift */,
				CFF7C689207CB30F001A7B90 /* Weight.swift */,
				CF98DB1B20849A44002EFC9B /* Displacement.swift */,
				CF8306522087342000570E60 /* Bore.swift */,
				CF83065820873EEB00570E60 /* Stroke.swift */,
				CF83065E208744BD00570E60 /* Power.swift */,
				CF2A86392089EB8C00C1A7E7 /* Wheelbase.swift */,
				CF466A12208B27EA00E44BF2 /* StrokeCycle.swift */,
			);
			path = "Motorcycle filters";
			sourceTree = "<group>";
		};
		CF1B2419224A8AA80086DB9F /* Order */ = {
			isa = PBXGroup;
			children = (
				CF73C44620931E5B00596118 /* Function.swift */,
				CF73C440209315F200596118 /* Ordering.swift */,
				CFB0664F214015C80065EC5E /* Comparator.swift */,
				CFB066512140165C0065EC5E /* Order.swift */,
			);
			path = Order;
			sourceTree = "<group>";
		};
		CF1B241A224A8AC70086DB9F /* ViewControllers */ = {
			isa = PBXGroup;
			children = (
				CF1B241C224A8B2D0086DB9F /* MotorcyclesVC */,
				CF1B241D224A8B3F0086DB9F /* SearchVC */,
				CF1B2427224A8C640086DB9F /* MyGarageVC */,
				CF1B2426224A8C4C0086DB9F /* SearchResultsVC */,
				CF1B2425224A8C370086DB9F /* MotorcycleInfoVC */,
				CF1B2424224A8C200086DB9F /* ImagesVC */,
				CF1B2423224A8C010086DB9F /* SingleImageVC */,
				CF1B2422224A8BE80086DB9F /* FiltersVC */,
				CF1B2421224A8BD20086DB9F /* ComparatorsVC */,
				CF1B2420224A8BB00086DB9F /* InfoVC */,
				CF1B241F224A8B950086DB9F /* TableBackgroundVC */,
				CF1B241E224A8B640086DB9F /* Filters View Controllers */,
			);
			path = ViewControllers;
			sourceTree = "<group>";
		};
		CF1B241B224A8B020086DB9F /* Cell */ = {
			isa = PBXGroup;
			children = (
				CF1B2428224A8CA80086DB9F /* MotorcycleCell */,
				CF1B2429224A8CB70086DB9F /* MotorcycleInfoCell */,
				CF1B242A224A8CD00086DB9F /* MotorcycleNotesCell */,
				CF1B242B224A8CE60086DB9F /* MotorcycleImagesCell */,
				CF1B242C224A8CFC0086DB9F /* ImageCell */,
			);
			path = Cell;
			sourceTree = "<group>";
		};
		CF1B241C224A8B2D0086DB9F /* MotorcyclesVC */ = {
			isa = PBXGroup;
			children = (
				CF1A41D41E60808C00E76F11 /* MotorcyclesViewController.swift */,
				CF1A41D51E60808C00E76F11 /* MotorcyclesViewController.xib */,
			);
			path = MotorcyclesVC;
			sourceTree = "<group>";
		};
		CF1B241D224A8B3F0086DB9F /* SearchVC */ = {
			isa = PBXGroup;
			children = (
				CF41DEBE20A6D6EA00F4A508 /* SearchViewController.swift */,
				CF41DEBF20A6D6EA00F4A508 /* SearchViewController.xib */,
			);
			path = SearchVC;
			sourceTree = "<group>";
		};
		CF1B241E224A8B640086DB9F /* Filters View Controllers */ = {
			isa = PBXGroup;
			children = (
				CF1B2435224A8E1C0086DB9F /* MinMax */,
				CF1B2434224A8E0D0086DB9F /* Family */,
				CF1B2433224A8DFC0086DB9F /* Weight */,
				CF1B2432224A8DE30086DB9F /* Displacement */,
				CF1B2431224A8DD50086DB9F /* Bore */,
				CF1B2430224A8DC60086DB9F /* Stroke */,
				CF1B242F224A8DB20086DB9F /* Power */,
				CF1B242E224A8DA10086DB9F /* Wheelbase */,
				CF1B242D224A8D900086DB9F /* StrokeCycle */,
			);
			path = "Filters View Controllers";
			sourceTree = "<group>";
		};
		CF1B241F224A8B950086DB9F /* TableBackgroundVC */ = {
			isa = PBXGroup;
			children = (
				CFF80DD4214A505E001CAC01 /* TableBackgroundViewController.swift */,
				CFF80DD5214A505E001CAC01 /* TableBackgroundViewController.xib */,
			);
			path = TableBackgroundVC;
			sourceTree = "<group>";
		};
		CF1B2420224A8BB00086DB9F /* InfoVC */ = {
			isa = PBXGroup;
			children = (
				CF5D2DB62138362F00E01DFA /* InfoViewController.swift */,
				CF5D2DB72138362F00E01DFA /* InfoViewController.xib */,
			);
			path = InfoVC;
			sourceTree = "<group>";
		};
		CF1B2421224A8BD20086DB9F /* ComparatorsVC */ = {
			isa = PBXGroup;
			children = (
				CF73C4422093188A00596118 /* ComparatorsViewController.swift */,
				CF73C4432093188A00596118 /* ComparatorsViewController.xib */,
			);
			path = ComparatorsVC;
			sourceTree = "<group>";
		};
		CF1B2422224A8BE80086DB9F /* FiltersVC */ = {
			isa = PBXGroup;
			children = (
				CF1CDB7E206FD465007BCE95 /* FiltersViewController.swift */,
				CF1CDB7F206FD465007BCE95 /* FiltersViewController.xib */,
			);
			path = FiltersVC;
			sourceTree = "<group>";
		};
		CF1B2423224A8C010086DB9F /* SingleImageVC */ = {
			isa = PBXGroup;
			children = (
				CF0B83151E785D71001C4172 /* SingleImageViewController.swift */,
				CF0B83161E785D71001C4172 /* SingleImageViewController.xib */,
			);
			path = SingleImageVC;
			sourceTree = "<group>";
		};
		CF1B2424224A8C200086DB9F /* ImagesVC */ = {
			isa = PBXGroup;
			children = (
				CF690CAA1E7153AB00523796 /* ImagesViewController.swift */,
				CF690CAB1E7153AB00523796 /* ImagesViewController.xib */,
			);
			path = ImagesVC;
			sourceTree = "<group>";
		};
		CF1B2425224A8C370086DB9F /* MotorcycleInfoVC */ = {
			isa = PBXGroup;
			children = (
				CF419AFC1E6D643300EA7B74 /* MotorcycleInfoViewController.swift */,
				CF419AFD1E6D643300EA7B74 /* MotorcycleInfoViewController.xib */,
			);
			path = MotorcycleInfoVC;
			sourceTree = "<group>";
		};
		CF1B2426224A8C4C0086DB9F /* SearchResultsVC */ = {
			isa = PBXGroup;
			children = (
				CF41DEC220A6D95000F4A508 /* SearchResultsViewController.swift */,
				CF41DEC320A6D95000F4A508 /* SearchResultsViewController.xib */,
			);
			path = SearchResultsVC;
			sourceTree = "<group>";
		};
		CF1B2427224A8C640086DB9F /* MyGarageVC */ = {
			isa = PBXGroup;
			children = (
				CFAC091820AC1B7B00689C5A /* MyGarageViewController.swift */,
				CFAC091920AC1B7B00689C5A /* MyGarageViewController.xib */,
			);
			path = MyGarageVC;
			sourceTree = "<group>";
		};
		CF1B2428224A8CA80086DB9F /* MotorcycleCell */ = {
			isa = PBXGroup;
			children = (
				CFD4E4511E67355900EFAB57 /* MotorcycleCell.swift */,
				CFD4E4531E67361800EFAB57 /* MotorcycleCell.xib */,
			);
			path = MotorcycleCell;
			sourceTree = "<group>";
		};
		CF1B2429224A8CB70086DB9F /* MotorcycleInfoCell */ = {
			isa = PBXGroup;
			children = (
				CF419B011E6D692700EA7B74 /* MotorcycleInfoCell.xib */,
				CF419B001E6D692700EA7B74 /* MotorcycleInfoCell.swift */,
			);
			path = MotorcycleInfoCell;
			sourceTree = "<group>";
		};
		CF1B242A224A8CD00086DB9F /* MotorcycleNotesCell */ = {
			isa = PBXGroup;
			children = (
				CFE280A71E6F12830090AAA7 /* MotorcycleNotesCell.xib */,
				CFE280A61E6F12830090AAA7 /* MotorcycleNotesCell.swift */,
			);
			path = MotorcycleNotesCell;
			sourceTree = "<group>";
		};
		CF1B242B224A8CE60086DB9F /* MotorcycleImagesCell */ = {
			isa = PBXGroup;
			children = (
				CF0ED0811E6F15E8008BAB23 /* MotorcycleImagesCell.swift */,
				CF0ED0821E6F15E8008BAB23 /* MotorcycleImagesCell.xib */,
			);
			path = MotorcycleImagesCell;
			sourceTree = "<group>";
		};
		CF1B242C224A8CFC0086DB9F /* ImageCell */ = {
			isa = PBXGroup;
			children = (
				CF690CA61E7150BF00523796 /* ImageCell.swift */,
				CF690CA71E7150BF00523796 /* ImageCell.xib */,
			);
			path = ImageCell;
			sourceTree = "<group>";
		};
		CF1B242D224A8D900086DB9F /* StrokeCycle */ = {
			isa = PBXGroup;
			children = (
				CF466A14208B364700E44BF2 /* StrokeCycleFilterTableViewController.swift */,
				CFE485C021353D9600949E81 /* StrokeCycleFilterTableViewController.xib */,
			);
			path = StrokeCycle;
			sourceTree = "<group>";
		};
		CF1B242E224A8DA10086DB9F /* Wheelbase */ = {
			isa = PBXGroup;
			children = (
				CF466A0E208B212800E44BF2 /* WheelbaseFilterViewController.swift */,
				CFE485C721353DDF00949E81 /* WheelbaseFilterViewController.xib */,
			);
			path = Wheelbase;
			sourceTree = "<group>";
		};
		CF1B242F224A8DB20086DB9F /* Power */ = {
			isa = PBXGroup;
			children = (
				CF8306602087499700570E60 /* PowerFilterViewController.swift */,
				CFE485CE21353DF900949E81 /* PowerFilterViewController.xib */,
			);
			path = Power;
			sourceTree = "<group>";
		};
		CF1B2430224A8DC60086DB9F /* Stroke */ = {
			isa = PBXGroup;
			children = (
				CF83065A20873FC300570E60 /* StrokeFilterViewController.swift */,
				CFE485D521353E1200949E81 /* StrokeFilterViewController.xib */,
			);
			path = Stroke;
			sourceTree = "<group>";
		};
		CF1B2431224A8DD50086DB9F /* Bore */ = {
			isa = PBXGroup;
			children = (
				CF830654208736F600570E60 /* BoreFilterViewController.swift */,
				CFE485DC21353E3100949E81 /* BoreFilterViewController.xib */,
			);
			path = Bore;
			sourceTree = "<group>";
		};
		CF1B2432224A8DE30086DB9F /* Displacement */ = {
			isa = PBXGroup;
			children = (
				CF98DB1D20849F68002EFC9B /* DisplacementFilterViewController.swift */,
				CFE485E321353E4200949E81 /* DisplacementFilterViewController.xib */,
			);
			path = Displacement;
			sourceTree = "<group>";
		};
		CF1B2433224A8DFC0086DB9F /* Weight */ = {
			isa = PBXGroup;
			children = (
				CFF7C68B207CBA26001A7B90 /* WeightFilterViewController.swift */,
				CFE485B9213539F200949E81 /* WeightFilterViewController.xib */,
			);
			path = Weight;
			sourceTree = "<group>";
		};
		CF1B2434224A8E0D0086DB9F /* Family */ = {
			isa = PBXGroup;
			children = (
				CFE400D0207B703E001F9E1A /* FamilyFilterViewController.swift */,
				CFE400D1207B703E001F9E1A /* FamilyFilterViewController.xib */,
			);
			path = Family;
			sourceTree = "<group>";
		};
		CF1B2435224A8E1C0086DB9F /* MinMax */ = {
			isa = PBXGroup;
			children = (
				CF9FD434207624A9003F66F4 /* MinMaxYearFilterViewController.swift */,
				CFE485EA21353E5F00949E81 /* MinMaxYearFilterViewController.xib */,
			);
			path = MinMax;
			sourceTree = "<group>";
		};
		CF8CCE8F1E65CB9300F4A37E /* Libraries */ = {
			isa = PBXGroup;
			children = (
				CF3923F62201F42E000B81E6 /* Kingfisher.framework */,
				CF8CCE951E65CFFE00F4A37E /* Curry.framework */,
				CF8CCE901E65CBB500F4A37E /* Argo.framework */,
				CF8CCE911E65CBB500F4A37E /* Runes.framework */,
			);
			name = Libraries;
			sourceTree = "<group>";
		};
		CFAB03E51E60432D0032BD11 = {
			isa = PBXGroup;
			children = (
				CF8CCE8F1E65CB9300F4A37E /* Libraries */,
				CFAB03F01E60432E0032BD11 /* Guzzi Tracker */,
				CF1B2414224A89EE0086DB9F /* Elements */,
				CF1B241A224A8AC70086DB9F /* ViewControllers */,
				CF1B241B224A8B020086DB9F /* Cell */,
				CFAB03EF1E60432E0032BD11 /* Products */,
			);
			sourceTree = "<group>";
		};
		CFAB03EF1E60432E0032BD11 /* Products */ = {
			isa = PBXGroup;
			children = (
				CFAB03EE1E60432E0032BD11 /* Guzzi Tracker.app */,
			);
			name = Products;
			sourceTree = "<group>";
		};
		CFAB03F01E60432E0032BD11 /* Guzzi Tracker */ = {
			isa = PBXGroup;
			children = (
				CFAB03F11E60432E0032BD11 /* AppDelegate.swift */,
				CFAB03F81E60432E0032BD11 /* Assets.xcassets */,
				CFAB03FD1E60432E0032BD11 /* Info.plist */,
				CFAB03FA1E60432E0032BD11 /* LaunchScreen.storyboard */,
				CF094F701E66C1CA00D351E1 /* info_moto.json */,
				CF7A9083212EAA7000F33C43 /* Localizable.strings */,
				CF46F9532131549800DD03CC /* Localizable.stringsdict */,
			);
			path = "Guzzi Tracker";
			sourceTree = "<group>";
		};
/* End PBXGroup section */

/* Begin PBXNativeTarget section */
		CFAB03ED1E60432D0032BD11 /* Guzzi Tracker */ = {
			isa = PBXNativeTarget;
			buildConfigurationList = CFAB04001E60432E0032BD11 /* Build configuration list for PBXNativeTarget "Guzzi Tracker" */;
			buildPhases = (
				CFAB03EA1E60432D0032BD11 /* Sources */,
				CFAB03EB1E60432D0032BD11 /* Frameworks */,
				CFAB03EC1E60432D0032BD11 /* Resources */,
				CF8CCE941E65CC8D00F4A37E /* Copy Carthage Frameworks */,
			);
			buildRules = (
			);
			dependencies = (
			);
			name = "Guzzi Tracker";
			productName = "Guzzi Tracker";
			productReference = CFAB03EE1E60432E0032BD11 /* Guzzi Tracker.app */;
			productType = "com.apple.product-type.application";
		};
/* End PBXNativeTarget section */

/* Begin PBXProject section */
		CFAB03E61E60432D0032BD11 /* Project object */ = {
			isa = PBXProject;
			attributes = {
				LastSwiftUpdateCheck = 0810;
				LastUpgradeCheck = 0930;
				ORGANIZATIONNAME = PaoloRocca;
				TargetAttributes = {
					CFAB03ED1E60432D0032BD11 = {
						CreatedOnToolsVersion = 8.1;
						DevelopmentTeam = Y99795RM29;
						LastSwiftMigration = 1020;
						ProvisioningStyle = Automatic;
					};
				};
			};
			buildConfigurationList = CFAB03E91E60432D0032BD11 /* Build configuration list for PBXProject "Guzzi Tracker" */;
			compatibilityVersion = "Xcode 3.2";
			developmentRegion = en;
			hasScannedForEncodings = 0;
			knownRegions = (
				en,
				Base,
				it,
			);
			mainGroup = CFAB03E51E60432D0032BD11;
			productRefGroup = CFAB03EF1E60432E0032BD11 /* Products */;
			projectDirPath = "";
			projectRoot = "";
			targets = (
				CFAB03ED1E60432D0032BD11 /* Guzzi Tracker */,
			);
		};
/* End PBXProject section */

/* Begin PBXResourcesBuildPhase section */
		CFAB03EC1E60432D0032BD11 /* Resources */ = {
			isa = PBXResourcesBuildPhase;
			buildActionMask = 2147483647;
			files = (
				CFE485BE21353D9600949E81 /* StrokeCycleFilterTableViewController.xib in Resources */,
				CFE280A91E6F12830090AAA7 /* MotorcycleNotesCell.xib in Resources */,
				CF419B031E6D692700EA7B74 /* MotorcycleInfoCell.xib in Resources */,
				CFE485DA21353E3100949E81 /* BoreFilterViewController.xib in Resources */,
				CF1CDB81206FD465007BCE95 /* FiltersViewController.xib in Resources */,
				CFE485C521353DDF00949E81 /* WheelbaseFilterViewController.xib in Resources */,
				CFAB03FC1E60432E0032BD11 /* LaunchScreen.storyboard in Resources */,
				CFF80DD7214A505E001CAC01 /* TableBackgroundViewController.xib in Resources */,
				CF0ED0841E6F15E8008BAB23 /* MotorcycleImagesCell.xib in Resources */,
				CF1A41D71E60808C00E76F11 /* MotorcyclesViewController.xib in Resources */,
				CF419AFF1E6D643300EA7B74 /* MotorcycleInfoViewController.xib in Resources */,
				CF41DEC120A6D6EB00F4A508 /* SearchViewController.xib in Resources */,
				CFE485CC21353DF900949E81 /* PowerFilterViewController.xib in Resources */,
				CFE400D3207B703E001F9E1A /* FamilyFilterViewController.xib in Resources */,
				CF73C4452093188A00596118 /* ComparatorsViewController.xib in Resources */,
				CFAC091B20AC1B7B00689C5A /* MyGarageViewController.xib in Resources */,
				CF7A9081212EAA7000F33C43 /* Localizable.strings in Resources */,
				CFD4E4541E67361800EFAB57 /* MotorcycleCell.xib in Resources */,
				CFE485D321353E1200949E81 /* StrokeFilterViewController.xib in Resources */,
				CFE485B7213539F200949E81 /* WeightFilterViewController.xib in Resources */,
				CF46F9512131549800DD03CC /* Localizable.stringsdict in Resources */,
				CFE485E121353E4200949E81 /* DisplacementFilterViewController.xib in Resources */,
				CF094F711E66C1CA00D351E1 /* info_moto.json in Resources */,
				CF0B83181E785D71001C4172 /* SingleImageViewController.xib in Resources */,
				CFE485E821353E5F00949E81 /* MinMaxYearFilterViewController.xib in Resources */,
				CF690CA91E7150BF00523796 /* ImageCell.xib in Resources */,
				CF41DEC520A6D95000F4A508 /* SearchResultsViewController.xib in Resources */,
				CFAB03F91E60432E0032BD11 /* Assets.xcassets in Resources */,
				CF5D2DB92138362F00E01DFA /* InfoViewController.xib in Resources */,
				CF690CAD1E7153AB00523796 /* ImagesViewController.xib in Resources */,
			);
			runOnlyForDeploymentPostprocessing = 0;
		};
/* End PBXResourcesBuildPhase section */

/* Begin PBXShellScriptBuildPhase section */
		CF8CCE941E65CC8D00F4A37E /* Copy Carthage Frameworks */ = {
			isa = PBXShellScriptBuildPhase;
			buildActionMask = 2147483647;
			files = (
			);
			inputPaths = (
				"$(SRCROOT)/Carthage/Build/iOS/Argo.framework",
				"$(SRCROOT)/Carthage/Build/iOS/Runes.framework",
				"$(SRCROOT)/Carthage/Build/iOS/Curry.framework",
				"$(SRCROOT)/Carthage/Build/iOS/Kingfisher.framework",
			);
			name = "Copy Carthage Frameworks";
			outputPaths = (
			);
			runOnlyForDeploymentPostprocessing = 0;
			shellPath = /bin/sh;
			shellScript = "/usr/local/bin/carthage copy-frameworks\n";
		};
/* End PBXShellScriptBuildPhase section */

/* Begin PBXSourcesBuildPhase section */
		CFAB03EA1E60432D0032BD11 /* Sources */ = {
			isa = PBXSourcesBuildPhase;
			buildActionMask = 2147483647;
			files = (
				CF8306622087499700570E60 /* PowerFilterViewController.swift in Sources */,
				CFB4E1F8213EEA1D0081E0CC /* ViewModel structs.swift in Sources */,
				CF2A863A2089EB8C00C1A7E7 /* Wheelbase.swift in Sources */,
				CFE400D2207B703E001F9E1A /* FamilyFilterViewController.swift in Sources */,
				CFD4E4521E67355900EFAB57 /* MotorcycleCell.swift in Sources */,
				CF466A13208B27EA00E44BF2 /* StrokeCycle.swift in Sources */,
				CF98DB1C20849A44002EFC9B /* Displacement.swift in Sources */,
				CF419AFE1E6D643300EA7B74 /* MotorcycleInfoViewController.swift in Sources */,
				CFAC091D20AC1C7300689C5A /* FavoritesList.swift in Sources */,
				CFB0664A21400D440065EC5E /* CellRepresentable.swift in Sources */,
				CFB4E1FB213EEC680081E0CC /* Argo.swift in Sources */,
				CFB4E1FD213EEDD80081E0CC /* Standard types.swift in Sources */,
				CF0F546C1E81A06A0059650F /* Elements.swift in Sources */,
				CF73C44720931E5B00596118 /* Function.swift in Sources */,
				CF3A1CAF2147B66200ABCEC2 /* Review.swift in Sources */,
				CF1A41D61E60808C00E76F11 /* MotorcyclesViewController.swift in Sources */,
				CF83065F208744BD00570E60 /* Power.swift in Sources */,
				CFB4E1F4213ED2D20081E0CC /* JsonFile.swift in Sources */,
				CF8C6283206FC629002B8CF6 /* Filter.swift in Sources */,
				CFF7C68A207CB30F001A7B90 /* Weight.swift in Sources */,
				CF1CDB7D206FCCBF007BCE95 /* Predicate.swift in Sources */,
				CFAB03F21E60432E0032BD11 /* AppDelegate.swift in Sources */,
				CF0B83171E785D71001C4172 /* SingleImageViewController.swift in Sources */,
				CFA60557207B541500F6AF27 /* Family.swift in Sources */,
				CF9FD436207624A9003F66F4 /* MinMaxYearFilterViewController.swift in Sources */,
				CF466A10208B212800E44BF2 /* WheelbaseFilterViewController.swift in Sources */,
				CF83065C20873FC300570E60 /* StrokeFilterViewController.swift in Sources */,
				CFA843AF21451D38009BE72C /* Info.swift in Sources */,
				CFB0664D214014F00065EC5E /* FilterProvider.swift in Sources */,
				CF1A41E21E6081F000E76F11 /* VCFactory.swift in Sources */,
				CFB06650214015C80065EC5E /* Comparator.swift in Sources */,
				CFF80DD6214A505E001CAC01 /* TableBackgroundViewController.swift in Sources */,
				CFAC091A20AC1B7B00689C5A /* MyGarageViewController.swift in Sources */,
				CFB4E1F0213ECDDA0081E0CC /* Motorcycle.swift in Sources */,
				CFF7C68D207CBA26001A7B90 /* WeightFilterViewController.swift in Sources */,
				CF466A16208B364700E44BF2 /* StrokeCycleFilterTableViewController.swift in Sources */,
				CFB066522140165C0065EC5E /* Order.swift in Sources */,
				CF419B021E6D692700EA7B74 /* MotorcycleInfoCell.swift in Sources */,
				CFE280A81E6F12830090AAA7 /* MotorcycleNotesCell.swift in Sources */,
				CF8306532087342000570E60 /* Bore.swift in Sources */,
				CF73C4442093188A00596118 /* ComparatorsViewController.swift in Sources */,
				CF56823B20B6A3ED00B52AEB /* FilterButton.swift in Sources */,
				CF41DEC020A6D6EA00F4A508 /* SearchViewController.swift in Sources */,
				CF0F546A1E819FEC0059650F /* Key.swift in Sources */,
				CF8C6285206FC7DD002B8CF6 /* Ref.swift in Sources */,
				CF690CAC1E7153AB00523796 /* ImagesViewController.swift in Sources */,
				CF830656208736F600570E60 /* BoreFilterViewController.swift in Sources */,
				CF83065920873EEB00570E60 /* Stroke.swift in Sources */,
				CF1CDB84206FD5AF007BCE95 /* MinMaxYear.swift in Sources */,
				CF0ED0831E6F15E8008BAB23 /* MotorcycleImagesCell.swift in Sources */,
				CF73C441209315F200596118 /* Ordering.swift in Sources */,
				CF41DEC420A6D95000F4A508 /* SearchResultsViewController.swift in Sources */,
				CFB4E1F2213ED0C50081E0CC /* Texts.swift in Sources */,
				CFD4E44F1E66DC8000EFAB57 /* Data.swift in Sources */,
				CF1CDB80206FD465007BCE95 /* FiltersViewController.swift in Sources */,
				CF690CA81E7150BF00523796 /* ImageCell.swift in Sources */,
				CF5D2DB82138362F00E01DFA /* InfoViewController.swift in Sources */,
				CF98DB1F20849F68002EFC9B /* DisplacementFilterViewController.swift in Sources */,
			);
			runOnlyForDeploymentPostprocessing = 0;
		};
/* End PBXSourcesBuildPhase section */

/* Begin PBXVariantGroup section */
		CF46F9532131549800DD03CC /* Localizable.stringsdict */ = {
			isa = PBXVariantGroup;
			children = (
				CF46F9522131549800DD03CC /* en */,
				CF46F9542131549E00DD03CC /* it */,
			);
			name = Localizable.stringsdict;
			sourceTree = "<group>";
		};
		CF7A9083212EAA7000F33C43 /* Localizable.strings */ = {
			isa = PBXVariantGroup;
			children = (
				CF7A9082212EAA7000F33C43 /* en */,
				CF7A9084212EAA8000F33C43 /* it */,
			);
			name = Localizable.strings;
			sourceTree = "<group>";
		};
		CFAB03FA1E60432E0032BD11 /* LaunchScreen.storyboard */ = {
			isa = PBXVariantGroup;
			children = (
				CFAB03FB1E60432E0032BD11 /* Base */,
				CF7A9080212EAA0A00F33C43 /* it */,
			);
			name = LaunchScreen.storyboard;
			sourceTree = "<group>";
		};
		CFE485B9213539F200949E81 /* WeightFilterViewController.xib */ = {
			isa = PBXVariantGroup;
			children = (
				CFE485B8213539F200949E81 /* Base */,
				CFE485BB213539F400949E81 /* en */,
				CFE485BD213539F600949E81 /* it */,
			);
			name = WeightFilterViewController.xib;
			sourceTree = "<group>";
		};
		CFE485C021353D9600949E81 /* StrokeCycleFilterTableViewController.xib */ = {
			isa = PBXVariantGroup;
			children = (
				CFE485BF21353D9600949E81 /* Base */,
				CFE485C221353D9800949E81 /* en */,
				CFE485C421353D9900949E81 /* it */,
			);
			name = StrokeCycleFilterTableViewController.xib;
			sourceTree = "<group>";
		};
		CFE485C721353DDF00949E81 /* WheelbaseFilterViewController.xib */ = {
			isa = PBXVariantGroup;
			children = (
				CFE485C621353DDF00949E81 /* Base */,
				CFE485C921353DE300949E81 /* en */,
				CFE485CB21353DE400949E81 /* it */,
			);
			name = WheelbaseFilterViewController.xib;
			sourceTree = "<group>";
		};
		CFE485CE21353DF900949E81 /* PowerFilterViewController.xib */ = {
			isa = PBXVariantGroup;
			children = (
				CFE485CD21353DF900949E81 /* Base */,
				CFE485D021353DFA00949E81 /* en */,
				CFE485D221353DFB00949E81 /* it */,
			);
			name = PowerFilterViewController.xib;
			sourceTree = "<group>";
		};
		CFE485D521353E1200949E81 /* StrokeFilterViewController.xib */ = {
			isa = PBXVariantGroup;
			children = (
				CFE485D421353E1200949E81 /* Base */,
				CFE485D721353E1400949E81 /* en */,
				CFE485D921353E1500949E81 /* it */,
			);
			name = StrokeFilterViewController.xib;
			sourceTree = "<group>";
		};
		CFE485DC21353E3100949E81 /* BoreFilterViewController.xib */ = {
			isa = PBXVariantGroup;
			children = (
				CFE485DB21353E3100949E81 /* Base */,
				CFE485DE21353E3300949E81 /* en */,
				CFE485E021353E3400949E81 /* it */,
			);
			name = BoreFilterViewController.xib;
			sourceTree = "<group>";
		};
		CFE485E321353E4200949E81 /* DisplacementFilterViewController.xib */ = {
			isa = PBXVariantGroup;
			children = (
				CFE485E221353E4200949E81 /* Base */,
				CFE485E521353E4400949E81 /* en */,
				CFE485E721353E4500949E81 /* it */,
			);
			name = DisplacementFilterViewController.xib;
			sourceTree = "<group>";
		};
		CFE485EA21353E5F00949E81 /* MinMaxYearFilterViewController.xib */ = {
			isa = PBXVariantGroup;
			children = (
				CFE485E921353E5F00949E81 /* Base */,
				CFE485EC21353E6100949E81 /* en */,
				CFE485EE21353E6200949E81 /* it */,
			);
			name = MinMaxYearFilterViewController.xib;
			sourceTree = "<group>";
		};
/* End PBXVariantGroup section */

/* Begin XCBuildConfiguration section */
		CFAB03FE1E60432E0032BD11 /* Debug */ = {
			isa = XCBuildConfiguration;
			buildSettings = {
				ALWAYS_SEARCH_USER_PATHS = NO;
				CLANG_ANALYZER_LOCALIZABILITY_NONLOCALIZED = YES;
				CLANG_ANALYZER_NONNULL = YES;
				CLANG_CXX_LANGUAGE_STANDARD = "gnu++0x";
				CLANG_CXX_LIBRARY = "libc++";
				CLANG_ENABLE_MODULES = YES;
				CLANG_ENABLE_OBJC_ARC = YES;
				CLANG_WARN_BLOCK_CAPTURE_AUTORELEASING = YES;
				CLANG_WARN_BOOL_CONVERSION = YES;
				CLANG_WARN_COMMA = YES;
				CLANG_WARN_CONSTANT_CONVERSION = YES;
				CLANG_WARN_DEPRECATED_OBJC_IMPLEMENTATIONS = YES;
				CLANG_WARN_DIRECT_OBJC_ISA_USAGE = YES_ERROR;
				CLANG_WARN_DOCUMENTATION_COMMENTS = YES;
				CLANG_WARN_EMPTY_BODY = YES;
				CLANG_WARN_ENUM_CONVERSION = YES;
				CLANG_WARN_INFINITE_RECURSION = YES;
				CLANG_WARN_INT_CONVERSION = YES;
				CLANG_WARN_NON_LITERAL_NULL_CONVERSION = YES;
				CLANG_WARN_OBJC_IMPLICIT_RETAIN_SELF = YES;
				CLANG_WARN_OBJC_LITERAL_CONVERSION = YES;
				CLANG_WARN_OBJC_ROOT_CLASS = YES_ERROR;
				CLANG_WARN_RANGE_LOOP_ANALYSIS = YES;
				CLANG_WARN_STRICT_PROTOTYPES = YES;
				CLANG_WARN_SUSPICIOUS_MOVE = YES;
				CLANG_WARN_SUSPICIOUS_MOVES = YES;
				CLANG_WARN_UNREACHABLE_CODE = YES;
				CLANG_WARN__DUPLICATE_METHOD_MATCH = YES;
				"CODE_SIGN_IDENTITY[sdk=iphoneos*]" = "iPhone Developer";
				COPY_PHASE_STRIP = NO;
				DEBUG_INFORMATION_FORMAT = dwarf;
				ENABLE_STRICT_OBJC_MSGSEND = YES;
				ENABLE_TESTABILITY = YES;
				GCC_C_LANGUAGE_STANDARD = gnu99;
				GCC_DYNAMIC_NO_PIC = NO;
				GCC_NO_COMMON_BLOCKS = YES;
				GCC_OPTIMIZATION_LEVEL = 0;
				GCC_PREPROCESSOR_DEFINITIONS = (
					"DEBUG=1",
					"$(inherited)",
				);
				GCC_WARN_64_TO_32_BIT_CONVERSION = YES;
				GCC_WARN_ABOUT_RETURN_TYPE = YES_ERROR;
				GCC_WARN_UNDECLARED_SELECTOR = YES;
				GCC_WARN_UNINITIALIZED_AUTOS = YES_AGGRESSIVE;
				GCC_WARN_UNUSED_FUNCTION = YES;
				GCC_WARN_UNUSED_VARIABLE = YES;
				IPHONEOS_DEPLOYMENT_TARGET = 10.1;
				MTL_ENABLE_DEBUG_INFO = YES;
				ONLY_ACTIVE_ARCH = YES;
				SDKROOT = iphoneos;
				SWIFT_ACTIVE_COMPILATION_CONDITIONS = DEBUG;
				SWIFT_OPTIMIZATION_LEVEL = "-Onone";
				SWIFT_VERSION = 4.0;
				TARGETED_DEVICE_FAMILY = "1,2";
			};
			name = Debug;
		};
		CFAB03FF1E60432E0032BD11 /* Release */ = {
			isa = XCBuildConfiguration;
			buildSettings = {
				ALWAYS_SEARCH_USER_PATHS = NO;
				CLANG_ANALYZER_LOCALIZABILITY_NONLOCALIZED = YES;
				CLANG_ANALYZER_NONNULL = YES;
				CLANG_CXX_LANGUAGE_STANDARD = "gnu++0x";
				CLANG_CXX_LIBRARY = "libc++";
				CLANG_ENABLE_MODULES = YES;
				CLANG_ENABLE_OBJC_ARC = YES;
				CLANG_WARN_BLOCK_CAPTURE_AUTORELEASING = YES;
				CLANG_WARN_BOOL_CONVERSION = YES;
				CLANG_WARN_COMMA = YES;
				CLANG_WARN_CONSTANT_CONVERSION = YES;
				CLANG_WARN_DEPRECATED_OBJC_IMPLEMENTATIONS = YES;
				CLANG_WARN_DIRECT_OBJC_ISA_USAGE = YES_ERROR;
				CLANG_WARN_DOCUMENTATION_COMMENTS = YES;
				CLANG_WARN_EMPTY_BODY = YES;
				CLANG_WARN_ENUM_CONVERSION = YES;
				CLANG_WARN_INFINITE_RECURSION = YES;
				CLANG_WARN_INT_CONVERSION = YES;
				CLANG_WARN_NON_LITERAL_NULL_CONVERSION = YES;
				CLANG_WARN_OBJC_IMPLICIT_RETAIN_SELF = YES;
				CLANG_WARN_OBJC_LITERAL_CONVERSION = YES;
				CLANG_WARN_OBJC_ROOT_CLASS = YES_ERROR;
				CLANG_WARN_RANGE_LOOP_ANALYSIS = YES;
				CLANG_WARN_STRICT_PROTOTYPES = YES;
				CLANG_WARN_SUSPICIOUS_MOVE = YES;
				CLANG_WARN_SUSPICIOUS_MOVES = YES;
				CLANG_WARN_UNREACHABLE_CODE = YES;
				CLANG_WARN__DUPLICATE_METHOD_MATCH = YES;
				"CODE_SIGN_IDENTITY[sdk=iphoneos*]" = "iPhone Developer";
				COPY_PHASE_STRIP = NO;
				DEBUG_INFORMATION_FORMAT = "dwarf-with-dsym";
				ENABLE_NS_ASSERTIONS = NO;
				ENABLE_STRICT_OBJC_MSGSEND = YES;
				GCC_C_LANGUAGE_STANDARD = gnu99;
				GCC_NO_COMMON_BLOCKS = YES;
				GCC_WARN_64_TO_32_BIT_CONVERSION = YES;
				GCC_WARN_ABOUT_RETURN_TYPE = YES_ERROR;
				GCC_WARN_UNDECLARED_SELECTOR = YES;
				GCC_WARN_UNINITIALIZED_AUTOS = YES_AGGRESSIVE;
				GCC_WARN_UNUSED_FUNCTION = YES;
				GCC_WARN_UNUSED_VARIABLE = YES;
				IPHONEOS_DEPLOYMENT_TARGET = 10.1;
				MTL_ENABLE_DEBUG_INFO = NO;
				SDKROOT = iphoneos;
				SWIFT_OPTIMIZATION_LEVEL = "-Owholemodule";
				SWIFT_VERSION = 4.0;
				TARGETED_DEVICE_FAMILY = "1,2";
				VALIDATE_PRODUCT = YES;
			};
			name = Release;
		};
		CFAB04011E60432E0032BD11 /* Debug */ = {
			isa = XCBuildConfiguration;
			buildSettings = {
				ASSETCATALOG_COMPILER_APPICON_NAME = AppIcon;
				DEVELOPMENT_TEAM = Y99795RM29;
				FRAMEWORK_SEARCH_PATHS = (
					"$(inherited)",
					"$(PROJECT_DIR)/Carthage/Build/iOS",
				);
				INFOPLIST_FILE = "Guzzi Tracker/Info.plist";
				IPHONEOS_DEPLOYMENT_TARGET = 11.2;
				LD_RUNPATH_SEARCH_PATHS = "$(inherited) @executable_path/Frameworks";
				OTHER_SWIFT_FLAGS = "-Xfrontend -warn-long-function-bodies=300";
				PRODUCT_BUNDLE_IDENTIFIER = "com.PaoloRocca.Guzzi-Tracker";
				PRODUCT_NAME = "$(TARGET_NAME)";
				SWIFT_VERSION = 5.0;
			};
			name = Debug;
		};
		CFAB04021E60432E0032BD11 /* Release */ = {
			isa = XCBuildConfiguration;
			buildSettings = {
				ASSETCATALOG_COMPILER_APPICON_NAME = AppIcon;
				DEVELOPMENT_TEAM = Y99795RM29;
				FRAMEWORK_SEARCH_PATHS = (
					"$(inherited)",
					"$(PROJECT_DIR)/Carthage/Build/iOS",
				);
				INFOPLIST_FILE = "Guzzi Tracker/Info.plist";
				IPHONEOS_DEPLOYMENT_TARGET = 11.2;
				LD_RUNPATH_SEARCH_PATHS = "$(inherited) @executable_path/Frameworks";
				OTHER_SWIFT_FLAGS = "-Xfrontend -warn-long-function-bodies=300";
				PRODUCT_BUNDLE_IDENTIFIER = "com.PaoloRocca.Guzzi-Tracker";
				PRODUCT_NAME = "$(TARGET_NAME)";
				SWIFT_VERSION = 5.0;
			};
			name = Release;
		};
/* End XCBuildConfiguration section */

/* Begin XCConfigurationList section */
		CFAB03E91E60432D0032BD11 /* Build configuration list for PBXProject "Guzzi Tracker" */ = {
			isa = XCConfigurationList;
			buildConfigurations = (
				CFAB03FE1E60432E0032BD11 /* Debug */,
				CFAB03FF1E60432E0032BD11 /* Release */,
			);
			defaultConfigurationIsVisible = 0;
			defaultConfigurationName = Release;
		};
		CFAB04001E60432E0032BD11 /* Build configuration list for PBXNativeTarget "Guzzi Tracker" */ = {
			isa = XCConfigurationList;
			buildConfigurations = (
				CFAB04011E60432E0032BD11 /* Debug */,
				CFAB04021E60432E0032BD11 /* Release */,
			);
			defaultConfigurationIsVisible = 0;
			defaultConfigurationName = Release;
		};
/* End XCConfigurationList section */
	};
	rootObject = CFAB03E61E60432D0032BD11 /* Project object */;
}
